// !$*UTF8*$!
{
	archiveVersion = 1;
	classes = {
	};
	objectVersion = 46;
	objects = {

/* Begin PBXBuildFile section */
		2758E7AF193B65FC00B4ADBC /* Foundation.framework in Frameworks */ = {isa = PBXBuildFile; fileRef = 2758E7AE193B65FC00B4ADBC /* Foundation.framework */; };
		2758E7B1193B65FC00B4ADBC /* CoreGraphics.framework in Frameworks */ = {isa = PBXBuildFile; fileRef = 2758E7B0193B65FC00B4ADBC /* CoreGraphics.framework */; };
		2758E7B3193B65FC00B4ADBC /* UIKit.framework in Frameworks */ = {isa = PBXBuildFile; fileRef = 2758E7B2193B65FC00B4ADBC /* UIKit.framework */; };
		2758E7B9193B65FD00B4ADBC /* InfoPlist.strings in Resources */ = {isa = PBXBuildFile; fileRef = 2758E7B7193B65FC00B4ADBC /* InfoPlist.strings */; };
		2758E7BB193B65FD00B4ADBC /* main.m in Sources */ = {isa = PBXBuildFile; fileRef = 2758E7BA193B65FD00B4ADBC /* main.m */; };
		2758E7BF193B65FD00B4ADBC /* AppDelegate.m in Sources */ = {isa = PBXBuildFile; fileRef = 2758E7BE193B65FD00B4ADBC /* AppDelegate.m */; };
		2758E7C1193B65FD00B4ADBC /* Images.xcassets in Resources */ = {isa = PBXBuildFile; fileRef = 2758E7C0193B65FD00B4ADBC /* Images.xcassets */; };
		2758E7C8193B65FD00B4ADBC /* XCTest.framework in Frameworks */ = {isa = PBXBuildFile; fileRef = 2758E7C7193B65FD00B4ADBC /* XCTest.framework */; };
		2758E7C9193B65FD00B4ADBC /* Foundation.framework in Frameworks */ = {isa = PBXBuildFile; fileRef = 2758E7AE193B65FC00B4ADBC /* Foundation.framework */; };
		2758E7CA193B65FD00B4ADBC /* UIKit.framework in Frameworks */ = {isa = PBXBuildFile; fileRef = 2758E7B2193B65FC00B4ADBC /* UIKit.framework */; };
		2758E7D2193B65FD00B4ADBC /* InfoPlist.strings in Resources */ = {isa = PBXBuildFile; fileRef = 2758E7D0193B65FD00B4ADBC /* InfoPlist.strings */; };
		2758E7D4193B65FD00B4ADBC /* listTests.m in Sources */ = {isa = PBXBuildFile; fileRef = 2758E7D3193B65FD00B4ADBC /* listTests.m */; };
		2758E7DF193B662200B4ADBC /* TableViewController.m in Sources */ = {isa = PBXBuildFile; fileRef = 2758E7DE193B662200B4ADBC /* TableViewController.m */; };
		2758E7E1193B672C00B4ADBC /* member.plist in Resources */ = {isa = PBXBuildFile; fileRef = 2758E7E0193B672C00B4ADBC /* member.plist */; };
/* End PBXBuildFile section */

/* Begin PBXContainerItemProxy section */
		2758E7CB193B65FD00B4ADBC /* PBXContainerItemProxy */ = {
			isa = PBXContainerItemProxy;
			containerPortal = 2758E7A3193B65FC00B4ADBC /* Project object */;
			proxyType = 1;
			remoteGlobalIDString = 2758E7AA193B65FC00B4ADBC;
			remoteInfo = list;
		};
/* End PBXContainerItemProxy section */

/* Begin PBXFileReference section */
		2758E7AB193B65FC00B4ADBC /* list.app */ = {isa = PBXFileReference; explicitFileType = wrapper.application; includeInIndex = 0; path = list.app; sourceTree = BUILT_PRODUCTS_DIR; };
		2758E7AE193B65FC00B4ADBC /* Foundation.framework */ = {isa = PBXFileReference; lastKnownFileType = wrapper.framework; name = Foundation.framework; path = System/Library/Frameworks/Foundation.framework; sourceTree = SDKROOT; };
		2758E7B0193B65FC00B4ADBC /* CoreGraphics.framework */ = {isa = PBXFileReference; lastKnownFileType = wrapper.framework; name = CoreGraphics.framework; path = System/Library/Frameworks/CoreGraphics.framework; sourceTree = SDKROOT; };
		2758E7B2193B65FC00B4ADBC /* UIKit.framework */ = {isa = PBXFileReference; lastKnownFileType = wrapper.framework; name = UIKit.framework; path = System/Library/Frameworks/UIKit.framework; sourceTree = SDKROOT; };
		2758E7B6193B65FC00B4ADBC /* list-Info.plist */ = {isa = PBXFileReference; lastKnownFileType = text.plist.xml; path = "list-Info.plist"; sourceTree = "<group>"; };
		2758E7B8193B65FC00B4ADBC /* en */ = {isa = PBXFileReference; lastKnownFileType = text.plist.strings; name = en; path = en.lproj/InfoPlist.strings; sourceTree = "<group>"; };
		2758E7BA193B65FD00B4ADBC /* main.m */ = {isa = PBXFileReference; lastKnownFileType = sourcecode.c.objc; path = main.m; sourceTree = "<group>"; };
		2758E7BC193B65FD00B4ADBC /* list-Prefix.pch */ = {isa = PBXFileReference; lastKnownFileType = sourcecode.c.h; path = "list-Prefix.pch"; sourceTree = "<group>"; };
		2758E7BD193B65FD00B4ADBC /* AppDelegate.h */ = {isa = PBXFileReference; lastKnownFileType = sourcecode.c.h; path = AppDelegate.h; sourceTree = "<group>"; };
		2758E7BE193B65FD00B4ADBC /* AppDelegate.m */ = {isa = PBXFileReference; lastKnownFileType = sourcecode.c.objc; path = AppDelegate.m; sourceTree = "<group>"; };
		2758E7C0193B65FD00B4ADBC /* Images.xcassets */ = {isa = PBXFileReference; lastKnownFileType = folder.assetcatalog; path = Images.xcassets; sourceTree = "<group>"; };
		2758E7C6193B65FD00B4ADBC /* listTests.xctest */ = {isa = PBXFileReference; explicitFileType = wrapper.cfbundle; includeInIndex = 0; path = listTests.xctest; sourceTree = BUILT_PRODUCTS_DIR; };
		2758E7C7193B65FD00B4ADBC /* XCTest.framework */ = {isa = PBXFileReference; lastKnownFileType = wrapper.framework; name = XCTest.framework; path = Library/Frameworks/XCTest.framework; sourceTree = DEVELOPER_DIR; };
		2758E7CF193B65FD00B4ADBC /* listTests-Info.plist */ = {isa = PBXFileReference; lastKnownFileType = text.plist.xml; path = "listTests-Info.plist"; sourceTree = "<group>"; };
		2758E7D1193B65FD00B4ADBC /* en */ = {isa = PBXFileReference; lastKnownFileType = text.plist.strings; name = en; path = en.lproj/InfoPlist.strings; sourceTree = "<group>"; };
		2758E7D3193B65FD00B4ADBC /* listTests.m */ = {isa = PBXFileReference; lastKnownFileType = sourcecode.c.objc; path = listTests.m; sourceTree = "<group>"; };
		2758E7DD193B662200B4ADBC /* TableViewController.h */ = {isa = PBXFileReference; fileEncoding = 4; lastKnownFileType = sourcecode.c.h; name = TableViewController.h; path = ../TableViewController.h; sourceTree = "<group>"; };
		2758E7DE193B662200B4ADBC /* TableViewController.m */ = {isa = PBXFileReference; fileEncoding = 4; lastKnownFileType = sourcecode.c.objc; name = TableViewController.m; path = ../TableViewController.m; sourceTree = "<group>"; };
		2758E7E0193B672C00B4ADBC /* member.plist */ = {isa = PBXFileReference; fileEncoding = 4; lastKnownFileType = text.plist.xml; path = member.plist; sourceTree = "<group>"; };
/* End PBXFileReference section */

/* Begin PBXFrameworksBuildPhase section */
		2758E7A8193B65FC00B4ADBC /* Frameworks */ = {
			isa = PBXFrameworksBuildPhase;
			buildActionMask = 2147483647;
			files = (
				2758E7B1193B65FC00B4ADBC /* CoreGraphics.framework in Frameworks */,
				2758E7B3193B65FC00B4ADBC /* UIKit.framework in Frameworks */,
				2758E7AF193B65FC00B4ADBC /* Foundation.framework in Frameworks */,
			);
			runOnlyForDeploymentPostprocessing = 0;
		};
		2758E7C3193B65FD00B4ADBC /* Frameworks */ = {
			isa = PBXFrameworksBuildPhase;
			buildActionMask = 2147483647;
			files = (
				2758E7C8193B65FD00B4ADBC /* XCTest.framework in Frameworks */,
				2758E7CA193B65FD00B4ADBC /* UIKit.framework in Frameworks */,
				2758E7C9193B65FD00B4ADBC /* Foundation.framework in Frameworks */,
			);
			runOnlyForDeploymentPostprocessing = 0;
		};
/* End PBXFrameworksBuildPhase section */

/* Begin PBXGroup section */
		2758E7A2193B65FC00B4ADBC = {
			isa = PBXGroup;
			children = (
				2758E7B4193B65FC00B4ADBC /* list */,
				2758E7CD193B65FD00B4ADBC /* listTests */,
				2758E7AD193B65FC00B4ADBC /* Frameworks */,
				2758E7AC193B65FC00B4ADBC /* Products */,
			);
			sourceTree = "<group>";
		};
		2758E7AC193B65FC00B4ADBC /* Products */ = {
			isa = PBXGroup;
			children = (
				2758E7AB193B65FC00B4ADBC /* list.app */,
				2758E7C6193B65FD00B4ADBC /* listTests.xctest */,
			);
			name = Products;
			sourceTree = "<group>";
		};
		2758E7AD193B65FC00B4ADBC /* Frameworks */ = {
			isa = PBXGroup;
			children = (
				2758E7AE193B65FC00B4ADBC /* Foundation.framework */,
				2758E7B0193B65FC00B4ADBC /* CoreGraphics.framework */,
				2758E7B2193B65FC00B4ADBC /* UIKit.framework */,
				2758E7C7193B65FD00B4ADBC /* XCTest.framework */,
			);
			name = Frameworks;
			sourceTree = "<group>";
		};
		2758E7B4193B65FC00B4ADBC /* list */ = {
			isa = PBXGroup;
			children = (
				2758E7BD193B65FD00B4ADBC /* AppDelegate.h */,
				2758E7BE193B65FD00B4ADBC /* AppDelegate.m */,
				2758E7DD193B662200B4ADBC /* TableViewController.h */,
				2758E7DE193B662200B4ADBC /* TableViewController.m */,
				2758E7C0193B65FD00B4ADBC /* Images.xcassets */,
				2758E7B5193B65FC00B4ADBC /* Supporting Files */,
			);
			path = list;
			sourceTree = "<group>";
		};
		2758E7B5193B65FC00B4ADBC /* Supporting Files */ = {
			isa = PBXGroup;
			children = (
				2758E7B6193B65FC00B4ADBC /* list-Info.plist */,
				2758E7B7193B65FC00B4ADBC /* InfoPlist.strings */,
				2758E7BA193B65FD00B4ADBC /* main.m */,
				2758E7BC193B65FD00B4ADBC /* list-Prefix.pch */,
				2758E7E0193B672C00B4ADBC /* member.plist */,
			);
			name = "Supporting Files";
			sourceTree = "<group>";
		};
		2758E7CD193B65FD00B4ADBC /* listTests */ = {
			isa = PBXGroup;
			children = (
				2758E7D3193B65FD00B4ADBC /* listTests.m */,
				2758E7CE193B65FD00B4ADBC /* Supporting Files */,
			);
			path = listTests;
			sourceTree = "<group>";
		};
		2758E7CE193B65FD00B4ADBC /* Supporting Files */ = {
			isa = PBXGroup;
			children = (
				2758E7CF193B65FD00B4ADBC /* listTests-Info.plist */,
				2758E7D0193B65FD00B4ADBC /* InfoPlist.strings */,
			);
			name = "Supporting Files";
			sourceTree = "<group>";
		};
/* End PBXGroup section */

/* Begin PBXNativeTarget section */
		2758E7AA193B65FC00B4ADBC /* list */ = {
			isa = PBXNativeTarget;
			buildConfigurationList = 2758E7D7193B65FD00B4ADBC /* Build configuration list for PBXNativeTarget "list" */;
			buildPhases = (
				2758E7A7193B65FC00B4ADBC /* Sources */,
				2758E7A8193B65FC00B4ADBC /* Frameworks */,
				2758E7A9193B65FC00B4ADBC /* Resources */,
			);
			buildRules = (
			);
			dependencies = (
			);
			name = list;
			productName = list;
			productReference = 2758E7AB193B65FC00B4ADBC /* list.app */;
			productType = "com.apple.product-type.application";
		};
		2758E7C5193B65FD00B4ADBC /* listTests */ = {
			isa = PBXNativeTarget;
			buildConfigurationList = 2758E7DA193B65FD00B4ADBC /* Build configuration list for PBXNativeTarget "listTests" */;
			buildPhases = (
				2758E7C2193B65FD00B4ADBC /* Sources */,
				2758E7C3193B65FD00B4ADBC /* Frameworks */,
				2758E7C4193B65FD00B4ADBC /* Resources */,
			);
			buildRules = (
			);
			dependencies = (
				2758E7CC193B65FD00B4ADBC /* PBXTargetDependency */,
			);
			name = listTests;
			productName = listTests;
			productReference = 2758E7C6193B65FD00B4ADBC /* listTests.xctest */;
			productType = "com.apple.product-type.bundle.unit-test";
		};
/* End PBXNativeTarget section */

/* Begin PBXProject section */
		2758E7A3193B65FC00B4ADBC /* Project object */ = {
			isa = PBXProject;
			attributes = {
				LastUpgradeCheck = 0510;
				ORGANIZATIONNAME = "Chris Arquelada";
				TargetAttributes = {
					2758E7C5193B65FD00B4ADBC = {
						TestTargetID = 2758E7AA193B65FC00B4ADBC;
					};
				};
			};
			buildConfigurationList = 2758E7A6193B65FC00B4ADBC /* Build configuration list for PBXProject "list" */;
			compatibilityVersion = "Xcode 3.2";
			developmentRegion = English;
			hasScannedForEncodings = 0;
			knownRegions = (
				en,
			);
			mainGroup = 2758E7A2193B65FC00B4ADBC;
			productRefGroup = 2758E7AC193B65FC00B4ADBC /* Products */;
			projectDirPath = "";
			projectRoot = "";
			targets = (
				2758E7AA193B65FC00B4ADBC /* list */,
				2758E7C5193B65FD00B4ADBC /* listTests */,
			);
		};
/* End PBXProject section */

/* Begin PBXResourcesBuildPhase section */
		2758E7A9193B65FC00B4ADBC /* Resources */ = {
			isa = PBXResourcesBuildPhase;
			buildActionMask = 2147483647;
			files = (
				2758E7B9193B65FD00B4ADBC /* InfoPlist.strings in Resources */,
				2758E7E1193B672C00B4ADBC /* member.plist in Resources */,
				2758E7C1193B65FD00B4ADBC /* Images.xcassets in Resources */,
			);
			runOnlyForDeploymentPostprocessing = 0;
		};
		2758E7C4193B65FD00B4ADBC /* Resources */ = {
			isa = PBXResourcesBuildPhase;
			buildActionMask = 2147483647;
			files = (
				2758E7D2193B65FD00B4ADBC /* InfoPlist.strings in Resources */,
			);
			runOnlyForDeploymentPostprocessing = 0;
		};
/* End PBXResourcesBuildPhase section */

/* Begin PBXSourcesBuildPhase section */
		2758E7A7193B65FC00B4ADBC /* Sources */ = {
			isa = PBXSourcesBuildPhase;
			buildActionMask = 2147483647;
			files = (
				2758E7BF193B65FD00B4ADBC /* AppDelegate.m in Sources */,
				2758E7DF193B662200B4ADBC /* TableViewController.m in Sources */,
				2758E7BB193B65FD00B4ADBC /* main.m in Sources */,
			);
			runOnlyForDeploymentPostprocessing = 0;
		};
		2758E7C2193B65FD00B4ADBC /* Sources */ = {
			isa = PBXSourcesBuildPhase;
			buildActionMask = 2147483647;
			files = (
				2758E7D4193B65FD00B4ADBC /* listTests.m in Sources */,
			);
			runOnlyForDeploymentPostprocessing = 0;
		};
/* End PBXSourcesBuildPhase section */

/* Begin PBXTargetDependency section */
		2758E7CC193B65FD00B4ADBC /* PBXTargetDependency */ = {
			isa = PBXTargetDependency;
			target = 2758E7AA193B65FC00B4ADBC /* list */;
			targetProxy = 2758E7CB193B65FD00B4ADBC /* PBXContainerItemProxy */;
		};
/* End PBXTargetDependency section */

/* Begin PBXVariantGroup section */
		2758E7B7193B65FC00B4ADBC /* InfoPlist.strings */ = {
			isa = PBXVariantGroup;
			children = (
				2758E7B8193B65FC00B4ADBC /* en */,
			);
			name = InfoPlist.strings;
			sourceTree = "<group>";
		};
		2758E7D0193B65FD00B4ADBC /* InfoPlist.strings */ = {
			isa = PBXVariantGroup;
			children = (
				2758E7D1193B65FD00B4ADBC /* en */,
			);
			name = InfoPlist.strings;
			sourceTree = "<group>";
		};
/* End PBXVariantGroup section */

/* Begin XCBuildConfiguration section */
		2758E7D5193B65FD00B4ADBC /* Debug */ = {
			isa = XCBuildConfiguration;
			buildSettings = {
				ALWAYS_SEARCH_USER_PATHS = NO;
				CLANG_CXX_LANGUAGE_STANDARD = "gnu++0x";
				CLANG_CXX_LIBRARY = "libc++";
				CLANG_ENABLE_MODULES = YES;
				CLANG_ENABLE_OBJC_ARC = YES;
				CLANG_WARN_BOOL_CONVERSION = YES;
				CLANG_WARN_CONSTANT_CONVERSION = YES;
				CLANG_WARN_DIRECT_OBJC_ISA_USAGE = YES_ERROR;
				CLANG_WARN_EMPTY_BODY = YES;
				CLANG_WARN_ENUM_CONVERSION = YES;
				CLANG_WARN_INT_CONVERSION = YES;
				CLANG_WARN_OBJC_ROOT_CLASS = YES_ERROR;
				CLANG_WARN__DUPLICATE_METHOD_MATCH = YES;
				"CODE_SIGN_IDENTITY[sdk=iphoneos*]" = "iPhone Developer";
				COPY_PHASE_STRIP = NO;
				GCC_C_LANGUAGE_STANDARD = gnu99;
				GCC_DYNAMIC_NO_PIC = NO;
				GCC_OPTIMIZATION_LEVEL = 0;
				GCC_PREPROCESSOR_DEFINITIONS = (
					"DEBUG=1",
					"$(inherited)",
				);
				GCC_SYMBOLS_PRIVATE_EXTERN = NO;
				GCC_WARN_64_TO_32_BIT_CONVERSION = YES;
				GCC_WARN_ABOUT_RETURN_TYPE = YES_ERROR;
				GCC_WARN_UNDECLARED_SELECTOR = YES;
				GCC_WARN_UNINITIALIZED_AUTOS = YES_AGGRESSIVE;
				GCC_WARN_UNUSED_FUNCTION = YES;
				GCC_WARN_UNUSED_VARIABLE = YES;
				IPHONEOS_DEPLOYMENT_TARGET = 7.1;
				ONLY_ACTIVE_ARCH = YES;
				SDKROOT = iphoneos;
			};
			name = Debug;
		};
		2758E7D6193B65FD00B4ADBC /* Release */ = {
			isa = XCBuildConfiguration;
			buildSettings = {
				ALWAYS_SEARCH_USER_PATHS = NO;
				CLANG_CXX_LANGUAGE_STANDARD = "gnu++0x";
				CLANG_CXX_LIBRARY = "libc++";
				CLANG_ENABLE_MODULES = YES;
				CLANG_ENABLE_OBJC_ARC = YES;
				CLANG_WARN_BOOL_CONVERSION = YES;
				CLANG_WARN_CONSTANT_CONVERSION = YES;
				CLANG_WARN_DIRECT_OBJC_ISA_USAGE = YES_ERROR;
				CLANG_WARN_EMPTY_BODY = YES;
				CLANG_WARN_ENUM_CONVERSION = YES;
				CLANG_WARN_INT_CONVERSION = YES;
				CLANG_WARN_OBJC_ROOT_CLASS = YES_ERROR;
				CLANG_WARN__DUPLICATE_METHOD_MATCH = YES;
				"CODE_SIGN_IDENTITY[sdk=iphoneos*]" = "iPhone Developer";
				COPY_PHASE_STRIP = YES;
				ENABLE_NS_ASSERTIONS = NO;
				GCC_C_LANGUAGE_STANDARD = gnu99;
				GCC_WARN_64_TO_32_BIT_CONVERSION = YES;
				GCC_WARN_ABOUT_RETURN_TYPE = YES_ERROR;
				GCC_WARN_UNDECLARED_SELECTOR = YES;
				GCC_WARN_UNINITIALIZED_AUTOS = YES_AGGRESSIVE;
				GCC_WARN_UNUSED_FUNCTION = YES;
				GCC_WARN_UNUSED_VARIABLE = YES;
				IPHONEOS_DEPLOYMENT_TARGET = 7.1;
				SDKROOT = iphoneos;
				VALIDATE_PRODUCT = YES;
			};
			name = Release;
		};
		2758E7D8193B65FD00B4ADBC /* Debug */ = {
			isa = XCBuildConfiguration;
			buildSettings = {
				ASSETCATALOG_COMPILER_APPICON_NAME = AppIcon;
				ASSETCATALOG_COMPILER_LAUNCHIMAGE_NAME = LaunchImage;
				GCC_PRECOMPILE_PREFIX_HEADER = YES;
				GCC_PREFIX_HEADER = "list/list-Prefix.pch";
				INFOPLIST_FILE = "list/list-Info.plist";
				PRODUCT_NAME = "$(TARGET_NAME)";
				WRAPPER_EXTENSION = app;
			};
			name = Debug;
		};
		2758E7D9193B65FD00B4ADBC /* Release */ = {
			isa = XCBuildConfiguration;
			buildSettings = {
				ASSETCATALOG_COMPILER_APPICON_NAME = AppIcon;
				ASSETCATALOG_COMPILER_LAUNCHIMAGE_NAME = LaunchImage;
				GCC_PRECOMPILE_PREFIX_HEADER = YES;
				GCC_PREFIX_HEADER = "list/list-Prefix.pch";
				INFOPLIST_FILE = "list/list-Info.plist";
				PRODUCT_NAME = "$(TARGET_NAME)";
				WRAPPER_EXTENSION = app;
			};
			name = Release;
		};
		2758E7DB193B65FD00B4ADBC /* Debug */ = {
			isa = XCBuildConfiguration;
			buildSettings = {
				BUNDLE_LOADER = "$(BUILT_PRODUCTS_DIR)/list.app/list";
				FRAMEWORK_SEARCH_PATHS = (
					"$(SDKROOT)/Developer/Library/Frameworks",
					"$(inherited)",
					"$(DEVELOPER_FRAMEWORKS_DIR)",
				);
				GCC_PRECOMPILE_PREFIX_HEADER = YES;
				GCC_PREFIX_HEADER = "list/list-Prefix.pch";
				GCC_PREPROCESSOR_DEFINITIONS = (
					"DEBUG=1",
					"$(inherited)",
				);
				INFOPLIST_FILE = "listTests/listTests-Info.plist";
				PRODUCT_NAME = "$(TARGET_NAME)";
				TEST_HOST = "$(BUNDLE_LOADER)";
				WRAPPER_EXTENSION = xctest;
			};
			name = Debug;
		};
		2758E7DC193B65FD00B4ADBC /* Release */ = {
			isa = XCBuildConfiguration;
			buildSettings = {
				BUNDLE_LOADER = "$(BUILT_PRODUCTS_DIR)/list.app/list";
				FRAMEWORK_SEARCH_PATHS = (
					"$(SDKROOT)/Developer/Library/Frameworks",
					"$(inherited)",
					"$(DEVELOPER_FRAMEWORKS_DIR)",
				);
				GCC_PRECOMPILE_PREFIX_HEADER = YES;
				GCC_PREFIX_HEADER = "list/list-Prefix.pch";
				INFOPLIST_FILE = "listTests/listTests-Info.plist";
				PRODUCT_NAME = "$(TARGET_NAME)";
				TEST_HOST = "$(BUNDLE_LOADER)";
				WRAPPER_EXTENSION = xctest;
			};
			name = Release;
		};
/* End XCBuildConfiguration section */

/* Begin XCConfigurationList section */
		2758E7A6193B65FC00B4ADBC /* Build configuration list for PBXProject "list" */ = {
			isa = XCConfigurationList;
			buildConfigurations = (
				2758E7D5193B65FD00B4ADBC /* Debug */,
				2758E7D6193B65FD00B4ADBC /* Release */,
			);
			defaultConfigurationIsVisible = 0;
			defaultConfigurationName = Release;
		};
		2758E7D7193B65FD00B4ADBC /* Build configuration list for PBXNativeTarget "list" */ = {
			isa = XCConfigurationList;
			buildConfigurations = (
				2758E7D8193B65FD00B4ADBC /* Debug */,
				2758E7D9193B65FD00B4ADBC /* Release */,
			);
			defaultConfigurationIsVisible = 0;
			defaultConfigurationName = Release;
		};
		2758E7DA193B65FD00B4ADBC /* Build configuration list for PBXNativeTarget "listTests" */ = {
			isa = XCConfigurationList;
			buildConfigurations = (
				2758E7DB193B65FD00B4ADBC /* Debug */,
				2758E7DC193B65FD00B4ADBC /* Release */,
			);
			defaultConfigurationIsVisible = 0;
			defaultConfigurationName = Release;
		};
/* End XCConfigurationList section */
	};
	rootObject = 2758E7A3193B65FC00B4ADBC /* Project object */;
}
