// !$*UTF8*$!
{
	archiveVersion = 1;
	classes = {
	};
	objectVersion = 46;
	objects = {

/* Begin PBXBuildFile section */
		9267470F191A7DD70099CF51 /* Foundation.framework in Frameworks */ = {isa = PBXBuildFile; fileRef = 9267470E191A7DD70099CF51 /* Foundation.framework */; };
		92674711191A7DD70099CF51 /* CoreGraphics.framework in Frameworks */ = {isa = PBXBuildFile; fileRef = 92674710191A7DD70099CF51 /* CoreGraphics.framework */; };
		92674713191A7DD70099CF51 /* UIKit.framework in Frameworks */ = {isa = PBXBuildFile; fileRef = 92674712191A7DD70099CF51 /* UIKit.framework */; };
		92674719191A7DD70099CF51 /* InfoPlist.strings in Resources */ = {isa = PBXBuildFile; fileRef = 92674717191A7DD70099CF51 /* InfoPlist.strings */; };
		9267471B191A7DD70099CF51 /* main.m in Sources */ = {isa = PBXBuildFile; fileRef = 9267471A191A7DD70099CF51 /* main.m */; };
		9267471F191A7DD70099CF51 /* AppDelegate.m in Sources */ = {isa = PBXBuildFile; fileRef = 9267471E191A7DD70099CF51 /* AppDelegate.m */; };
		92674722191A7DD70099CF51 /* Main.storyboard in Resources */ = {isa = PBXBuildFile; fileRef = 92674720191A7DD70099CF51 /* Main.storyboard */; };
		92674725191A7DD70099CF51 /* ViewController.m in Sources */ = {isa = PBXBuildFile; fileRef = 92674724191A7DD70099CF51 /* ViewController.m */; };
		92674727191A7DD70099CF51 /* Images.xcassets in Resources */ = {isa = PBXBuildFile; fileRef = 92674726191A7DD70099CF51 /* Images.xcassets */; };
		9267472E191A7DD70099CF51 /* XCTest.framework in Frameworks */ = {isa = PBXBuildFile; fileRef = 9267472D191A7DD70099CF51 /* XCTest.framework */; };
		9267472F191A7DD70099CF51 /* Foundation.framework in Frameworks */ = {isa = PBXBuildFile; fileRef = 9267470E191A7DD70099CF51 /* Foundation.framework */; };
		92674730191A7DD70099CF51 /* UIKit.framework in Frameworks */ = {isa = PBXBuildFile; fileRef = 92674712191A7DD70099CF51 /* UIKit.framework */; };
		92674738191A7DD70099CF51 /* InfoPlist.strings in Resources */ = {isa = PBXBuildFile; fileRef = 92674736191A7DD70099CF51 /* InfoPlist.strings */; };
		9267473A191A7DD70099CF51 /* _23Tests.m in Sources */ = {isa = PBXBuildFile; fileRef = 92674739191A7DD70099CF51 /* _23Tests.m */; };
/* End PBXBuildFile section */

/* Begin PBXContainerItemProxy section */
		92674731191A7DD70099CF51 /* PBXContainerItemProxy */ = {
			isa = PBXContainerItemProxy;
			containerPortal = 92674703191A7DD70099CF51 /* Project object */;
			proxyType = 1;
			remoteGlobalIDString = 9267470A191A7DD70099CF51;
			remoteInfo = 123;
		};
/* End PBXContainerItemProxy section */

/* Begin PBXFileReference section */
		9267470B191A7DD70099CF51 /* 123.app */ = {isa = PBXFileReference; explicitFileType = wrapper.application; includeInIndex = 0; path = 123.app; sourceTree = BUILT_PRODUCTS_DIR; };
		9267470E191A7DD70099CF51 /* Foundation.framework */ = {isa = PBXFileReference; lastKnownFileType = wrapper.framework; name = Foundation.framework; path = System/Library/Frameworks/Foundation.framework; sourceTree = SDKROOT; };
		92674710191A7DD70099CF51 /* CoreGraphics.framework */ = {isa = PBXFileReference; lastKnownFileType = wrapper.framework; name = CoreGraphics.framework; path = System/Library/Frameworks/CoreGraphics.framework; sourceTree = SDKROOT; };
		92674712191A7DD70099CF51 /* UIKit.framework */ = {isa = PBXFileReference; lastKnownFileType = wrapper.framework; name = UIKit.framework; path = System/Library/Frameworks/UIKit.framework; sourceTree = SDKROOT; };
		92674716191A7DD70099CF51 /* 123-Info.plist */ = {isa = PBXFileReference; lastKnownFileType = text.plist.xml; path = "123-Info.plist"; sourceTree = "<group>"; };
		92674718191A7DD70099CF51 /* en */ = {isa = PBXFileReference; lastKnownFileType = text.plist.strings; name = en; path = en.lproj/InfoPlist.strings; sourceTree = "<group>"; };
		9267471A191A7DD70099CF51 /* main.m */ = {isa = PBXFileReference; lastKnownFileType = sourcecode.c.objc; path = main.m; sourceTree = "<group>"; };
		9267471C191A7DD70099CF51 /* 123-Prefix.pch */ = {isa = PBXFileReference; lastKnownFileType = sourcecode.c.h; path = "123-Prefix.pch"; sourceTree = "<group>"; };
		9267471D191A7DD70099CF51 /* AppDelegate.h */ = {isa = PBXFileReference; lastKnownFileType = sourcecode.c.h; path = AppDelegate.h; sourceTree = "<group>"; };
		9267471E191A7DD70099CF51 /* AppDelegate.m */ = {isa = PBXFileReference; lastKnownFileType = sourcecode.c.objc; path = AppDelegate.m; sourceTree = "<group>"; };
		92674721191A7DD70099CF51 /* Base */ = {isa = PBXFileReference; lastKnownFileType = file.storyboard; name = Base; path = Base.lproj/Main.storyboard; sourceTree = "<group>"; };
		92674723191A7DD70099CF51 /* ViewController.h */ = {isa = PBXFileReference; lastKnownFileType = sourcecode.c.h; path = ViewController.h; sourceTree = "<group>"; };
		92674724191A7DD70099CF51 /* ViewController.m */ = {isa = PBXFileReference; lastKnownFileType = sourcecode.c.objc; path = ViewController.m; sourceTree = "<group>"; };
		92674726191A7DD70099CF51 /* Images.xcassets */ = {isa = PBXFileReference; lastKnownFileType = folder.assetcatalog; path = Images.xcassets; sourceTree = "<group>"; };
		9267472C191A7DD70099CF51 /* 123Tests.xctest */ = {isa = PBXFileReference; explicitFileType = wrapper.cfbundle; includeInIndex = 0; path = 123Tests.xctest; sourceTree = BUILT_PRODUCTS_DIR; };
		9267472D191A7DD70099CF51 /* XCTest.framework */ = {isa = PBXFileReference; lastKnownFileType = wrapper.framework; name = XCTest.framework; path = Library/Frameworks/XCTest.framework; sourceTree = DEVELOPER_DIR; };
		92674735191A7DD70099CF51 /* 123Tests-Info.plist */ = {isa = PBXFileReference; lastKnownFileType = text.plist.xml; path = "123Tests-Info.plist"; sourceTree = "<group>"; };
		92674737191A7DD70099CF51 /* en */ = {isa = PBXFileReference; lastKnownFileType = text.plist.strings; name = en; path = en.lproj/InfoPlist.strings; sourceTree = "<group>"; };
		92674739191A7DD70099CF51 /* _23Tests.m */ = {isa = PBXFileReference; lastKnownFileType = sourcecode.c.objc; path = _23Tests.m; sourceTree = "<group>"; };
/* End PBXFileReference section */

/* Begin PBXFrameworksBuildPhase section */
		92674708191A7DD70099CF51 /* Frameworks */ = {
			isa = PBXFrameworksBuildPhase;
			buildActionMask = 2147483647;
			files = (
				92674711191A7DD70099CF51 /* CoreGraphics.framework in Frameworks */,
				92674713191A7DD70099CF51 /* UIKit.framework in Frameworks */,
				9267470F191A7DD70099CF51 /* Foundation.framework in Frameworks */,
			);
			runOnlyForDeploymentPostprocessing = 0;
		};
		92674729191A7DD70099CF51 /* Frameworks */ = {
			isa = PBXFrameworksBuildPhase;
			buildActionMask = 2147483647;
			files = (
				9267472E191A7DD70099CF51 /* XCTest.framework in Frameworks */,
				92674730191A7DD70099CF51 /* UIKit.framework in Frameworks */,
				9267472F191A7DD70099CF51 /* Foundation.framework in Frameworks */,
			);
			runOnlyForDeploymentPostprocessing = 0;
		};
/* End PBXFrameworksBuildPhase section */

/* Begin PBXGroup section */
		92674702191A7DD70099CF51 = {
			isa = PBXGroup;
			children = (
				92674714191A7DD70099CF51 /* 123 */,
				92674733191A7DD70099CF51 /* 123Tests */,
				9267470D191A7DD70099CF51 /* Frameworks */,
				9267470C191A7DD70099CF51 /* Products */,
			);
			sourceTree = "<group>";
		};
		9267470C191A7DD70099CF51 /* Products */ = {
			isa = PBXGroup;
			children = (
				9267470B191A7DD70099CF51 /* 123.app */,
				9267472C191A7DD70099CF51 /* 123Tests.xctest */,
			);
			name = Products;
			sourceTree = "<group>";
		};
		9267470D191A7DD70099CF51 /* Frameworks */ = {
			isa = PBXGroup;
			children = (
				9267470E191A7DD70099CF51 /* Foundation.framework */,
				92674710191A7DD70099CF51 /* CoreGraphics.framework */,
				92674712191A7DD70099CF51 /* UIKit.framework */,
				9267472D191A7DD70099CF51 /* XCTest.framework */,
			);
			name = Frameworks;
			sourceTree = "<group>";
		};
		92674714191A7DD70099CF51 /* 123 */ = {
			isa = PBXGroup;
			children = (
				9267471D191A7DD70099CF51 /* AppDelegate.h */,
				9267471E191A7DD70099CF51 /* AppDelegate.m */,
				92674720191A7DD70099CF51 /* Main.storyboard */,
				92674723191A7DD70099CF51 /* ViewController.h */,
				92674724191A7DD70099CF51 /* ViewController.m */,
				92674726191A7DD70099CF51 /* Images.xcassets */,
				92674715191A7DD70099CF51 /* Supporting Files */,
			);
			path = 123;
			sourceTree = "<group>";
		};
		92674715191A7DD70099CF51 /* Supporting Files */ = {
			isa = PBXGroup;
			children = (
				92674716191A7DD70099CF51 /* 123-Info.plist */,
				92674717191A7DD70099CF51 /* InfoPlist.strings */,
				9267471A191A7DD70099CF51 /* main.m */,
				9267471C191A7DD70099CF51 /* 123-Prefix.pch */,
			);
			name = "Supporting Files";
			sourceTree = "<group>";
		};
		92674733191A7DD70099CF51 /* 123Tests */ = {
			isa = PBXGroup;
			children = (
				92674739191A7DD70099CF51 /* _23Tests.m */,
				92674734191A7DD70099CF51 /* Supporting Files */,
			);
			path = 123Tests;
			sourceTree = "<group>";
		};
		92674734191A7DD70099CF51 /* Supporting Files */ = {
			isa = PBXGroup;
			children = (
				92674735191A7DD70099CF51 /* 123Tests-Info.plist */,
				92674736191A7DD70099CF51 /* InfoPlist.strings */,
			);
			name = "Supporting Files";
			sourceTree = "<group>";
		};
/* End PBXGroup section */

/* Begin PBXNativeTarget section */
		9267470A191A7DD70099CF51 /* 123 */ = {
			isa = PBXNativeTarget;
			buildConfigurationList = 9267473D191A7DD70099CF51 /* Build configuration list for PBXNativeTarget "123" */;
			buildPhases = (
				92674707191A7DD70099CF51 /* Sources */,
				92674708191A7DD70099CF51 /* Frameworks */,
				92674709191A7DD70099CF51 /* Resources */,
			);
			buildRules = (
			);
			dependencies = (
			);
			name = 123;
			productName = 123;
			productReference = 9267470B191A7DD70099CF51 /* 123.app */;
			productType = "com.apple.product-type.application";
		};
		9267472B191A7DD70099CF51 /* 123Tests */ = {
			isa = PBXNativeTarget;
			buildConfigurationList = 92674740191A7DD70099CF51 /* Build configuration list for PBXNativeTarget "123Tests" */;
			buildPhases = (
				92674728191A7DD70099CF51 /* Sources */,
				92674729191A7DD70099CF51 /* Frameworks */,
				9267472A191A7DD70099CF51 /* Resources */,
			);
			buildRules = (
			);
			dependencies = (
				92674732191A7DD70099CF51 /* PBXTargetDependency */,
			);
			name = 123Tests;
			productName = 123Tests;
			productReference = 9267472C191A7DD70099CF51 /* 123Tests.xctest */;
			productType = "com.apple.product-type.bundle.unit-test";
		};
/* End PBXNativeTarget section */

/* Begin PBXProject section */
		92674703191A7DD70099CF51 /* Project object */ = {
			isa = PBXProject;
			attributes = {
				LastUpgradeCheck = 0510;
				ORGANIZATIONNAME = "Big Nerd Ranch";
				TargetAttributes = {
					9267472B191A7DD70099CF51 = {
						TestTargetID = 9267470A191A7DD70099CF51;
					};
				};
			};
			buildConfigurationList = 92674706191A7DD70099CF51 /* Build configuration list for PBXProject "123" */;
			compatibilityVersion = "Xcode 3.2";
			developmentRegion = English;
			hasScannedForEncodings = 0;
			knownRegions = (
				en,
				Base,
			);
			mainGroup = 92674702191A7DD70099CF51;
			productRefGroup = 9267470C191A7DD70099CF51 /* Products */;
			projectDirPath = "";
			projectRoot = "";
			targets = (
				9267470A191A7DD70099CF51 /* 123 */,
				9267472B191A7DD70099CF51 /* 123Tests */,
			);
		};
/* End PBXProject section */

/* Begin PBXResourcesBuildPhase section */
		92674709191A7DD70099CF51 /* Resources */ = {
			isa = PBXResourcesBuildPhase;
			buildActionMask = 2147483647;
			files = (
				92674727191A7DD70099CF51 /* Images.xcassets in Resources */,
				92674719191A7DD70099CF51 /* InfoPlist.strings in Resources */,
				92674722191A7DD70099CF51 /* Main.storyboard in Resources */,
			);
			runOnlyForDeploymentPostprocessing = 0;
		};
		9267472A191A7DD70099CF51 /* Resources */ = {
			isa = PBXResourcesBuildPhase;
			buildActionMask = 2147483647;
			files = (
				92674738191A7DD70099CF51 /* InfoPlist.strings in Resources */,
			);
			runOnlyForDeploymentPostprocessing = 0;
		};
/* End PBXResourcesBuildPhase section */

/* Begin PBXSourcesBuildPhase section */
		92674707191A7DD70099CF51 /* Sources */ = {
			isa = PBXSourcesBuildPhase;
			buildActionMask = 2147483647;
			files = (
				92674725191A7DD70099CF51 /* ViewController.m in Sources */,
				9267471F191A7DD70099CF51 /* AppDelegate.m in Sources */,
				9267471B191A7DD70099CF51 /* main.m in Sources */,
			);
			runOnlyForDeploymentPostprocessing = 0;
		};
		92674728191A7DD70099CF51 /* Sources */ = {
			isa = PBXSourcesBuildPhase;
			buildActionMask = 2147483647;
			files = (
				9267473A191A7DD70099CF51 /* _23Tests.m in Sources */,
			);
			runOnlyForDeploymentPostprocessing = 0;
		};
/* End PBXSourcesBuildPhase section */

/* Begin PBXTargetDependency section */
		92674732191A7DD70099CF51 /* PBXTargetDependency */ = {
			isa = PBXTargetDependency;
			target = 9267470A191A7DD70099CF51 /* 123 */;
			targetProxy = 92674731191A7DD70099CF51 /* PBXContainerItemProxy */;
		};
/* End PBXTargetDependency section */

/* Begin PBXVariantGroup section */
		92674717191A7DD70099CF51 /* InfoPlist.strings */ = {
			isa = PBXVariantGroup;
			children = (
				92674718191A7DD70099CF51 /* en */,
			);
			name = InfoPlist.strings;
			sourceTree = "<group>";
		};
		92674720191A7DD70099CF51 /* Main.storyboard */ = {
			isa = PBXVariantGroup;
			children = (
				92674721191A7DD70099CF51 /* Base */,
			);
			name = Main.storyboard;
			sourceTree = "<group>";
		};
		92674736191A7DD70099CF51 /* InfoPlist.strings */ = {
			isa = PBXVariantGroup;
			children = (
				92674737191A7DD70099CF51 /* en */,
			);
			name = InfoPlist.strings;
			sourceTree = "<group>";
		};
/* End PBXVariantGroup section */

/* Begin XCBuildConfiguration section */
		9267473B191A7DD70099CF51 /* Debug */ = {
			isa = XCBuildConfiguration;
			buildSettings = {
				ALWAYS_SEARCH_USER_PATHS = NO;
				CLANG_CXX_LANGUAGE_STANDARD = "gnu++0x";
				CLANG_CXX_LIBRARY = "libc++";
				CLANG_ENABLE_MODULES = YES;
				CLANG_ENABLE_OBJC_ARC = YES;
				CLANG_WARN_BOOL_CONVERSION = YES;
				CLANG_WARN_CONSTANT_CONVERSION = YES;
				CLANG_WARN_DIRECT_OBJC_ISA_USAGE = YES_ERROR;
				CLANG_WARN_EMPTY_BODY = YES;
				CLANG_WARN_ENUM_CONVERSION = YES;
				CLANG_WARN_INT_CONVERSION = YES;
				CLANG_WARN_OBJC_ROOT_CLASS = YES_ERROR;
				CLANG_WARN__DUPLICATE_METHOD_MATCH = YES;
				"CODE_SIGN_IDENTITY[sdk=iphoneos*]" = "iPhone Developer";
				COPY_PHASE_STRIP = NO;
				GCC_C_LANGUAGE_STANDARD = gnu99;
				GCC_DYNAMIC_NO_PIC = NO;
				GCC_OPTIMIZATION_LEVEL = 0;
				GCC_PREPROCESSOR_DEFINITIONS = (
					"DEBUG=1",
					"$(inherited)",
				);
				GCC_SYMBOLS_PRIVATE_EXTERN = NO;
				GCC_WARN_64_TO_32_BIT_CONVERSION = YES;
				GCC_WARN_ABOUT_RETURN_TYPE = YES_ERROR;
				GCC_WARN_UNDECLARED_SELECTOR = YES;
				GCC_WARN_UNINITIALIZED_AUTOS = YES_AGGRESSIVE;
				GCC_WARN_UNUSED_FUNCTION = YES;
				GCC_WARN_UNUSED_VARIABLE = YES;
				IPHONEOS_DEPLOYMENT_TARGET = 7.1;
				ONLY_ACTIVE_ARCH = YES;
				SDKROOT = iphoneos;
			};
			name = Debug;
		};
		9267473C191A7DD70099CF51 /* Release */ = {
			isa = XCBuildConfiguration;
			buildSettings = {
				ALWAYS_SEARCH_USER_PATHS = NO;
				CLANG_CXX_LANGUAGE_STANDARD = "gnu++0x";
				CLANG_CXX_LIBRARY = "libc++";
				CLANG_ENABLE_MODULES = YES;
				CLANG_ENABLE_OBJC_ARC = YES;
				CLANG_WARN_BOOL_CONVERSION = YES;
				CLANG_WARN_CONSTANT_CONVERSION = YES;
				CLANG_WARN_DIRECT_OBJC_ISA_USAGE = YES_ERROR;
				CLANG_WARN_EMPTY_BODY = YES;
				CLANG_WARN_ENUM_CONVERSION = YES;
				CLANG_WARN_INT_CONVERSION = YES;
				CLANG_WARN_OBJC_ROOT_CLASS = YES_ERROR;
				CLANG_WARN__DUPLICATE_METHOD_MATCH = YES;
				"CODE_SIGN_IDENTITY[sdk=iphoneos*]" = "iPhone Developer";
				COPY_PHASE_STRIP = YES;
				ENABLE_NS_ASSERTIONS = NO;
				GCC_C_LANGUAGE_STANDARD = gnu99;
				GCC_WARN_64_TO_32_BIT_CONVERSION = YES;
				GCC_WARN_ABOUT_RETURN_TYPE = YES_ERROR;
				GCC_WARN_UNDECLARED_SELECTOR = YES;
				GCC_WARN_UNINITIALIZED_AUTOS = YES_AGGRESSIVE;
				GCC_WARN_UNUSED_FUNCTION = YES;
				GCC_WARN_UNUSED_VARIABLE = YES;
				IPHONEOS_DEPLOYMENT_TARGET = 7.1;
				SDKROOT = iphoneos;
				VALIDATE_PRODUCT = YES;
			};
			name = Release;
		};
		9267473E191A7DD70099CF51 /* Debug */ = {
			isa = XCBuildConfiguration;
			buildSettings = {
				ASSETCATALOG_COMPILER_APPICON_NAME = AppIcon;
				ASSETCATALOG_COMPILER_LAUNCHIMAGE_NAME = LaunchImage;
				GCC_PRECOMPILE_PREFIX_HEADER = YES;
				GCC_PREFIX_HEADER = "123/123-Prefix.pch";
				INFOPLIST_FILE = "123/123-Info.plist";
				PRODUCT_NAME = "$(TARGET_NAME)";
				WRAPPER_EXTENSION = app;
			};
			name = Debug;
		};
		9267473F191A7DD70099CF51 /* Release */ = {
			isa = XCBuildConfiguration;
			buildSettings = {
				ASSETCATALOG_COMPILER_APPICON_NAME = AppIcon;
				ASSETCATALOG_COMPILER_LAUNCHIMAGE_NAME = LaunchImage;
				GCC_PRECOMPILE_PREFIX_HEADER = YES;
				GCC_PREFIX_HEADER = "123/123-Prefix.pch";
				INFOPLIST_FILE = "123/123-Info.plist";
				PRODUCT_NAME = "$(TARGET_NAME)";
				WRAPPER_EXTENSION = app;
			};
			name = Release;
		};
		92674741191A7DD70099CF51 /* Debug */ = {
			isa = XCBuildConfiguration;
			buildSettings = {
				BUNDLE_LOADER = "$(BUILT_PRODUCTS_DIR)/123.app/123";
				FRAMEWORK_SEARCH_PATHS = (
					"$(SDKROOT)/Developer/Library/Frameworks",
					"$(inherited)",
					"$(DEVELOPER_FRAMEWORKS_DIR)",
				);
				GCC_PRECOMPILE_PREFIX_HEADER = YES;
				GCC_PREFIX_HEADER = "123/123-Prefix.pch";
				GCC_PREPROCESSOR_DEFINITIONS = (
					"DEBUG=1",
					"$(inherited)",
				);
				INFOPLIST_FILE = "123Tests/123Tests-Info.plist";
				PRODUCT_NAME = "$(TARGET_NAME)";
				TEST_HOST = "$(BUNDLE_LOADER)";
				WRAPPER_EXTENSION = xctest;
			};
			name = Debug;
		};
		92674742191A7DD70099CF51 /* Release */ = {
			isa = XCBuildConfiguration;
			buildSettings = {
				BUNDLE_LOADER = "$(BUILT_PRODUCTS_DIR)/123.app/123";
				FRAMEWORK_SEARCH_PATHS = (
					"$(SDKROOT)/Developer/Library/Frameworks",
					"$(inherited)",
					"$(DEVELOPER_FRAMEWORKS_DIR)",
				);
				GCC_PRECOMPILE_PREFIX_HEADER = YES;
				GCC_PREFIX_HEADER = "123/123-Prefix.pch";
				INFOPLIST_FILE = "123Tests/123Tests-Info.plist";
				PRODUCT_NAME = "$(TARGET_NAME)";
				TEST_HOST = "$(BUNDLE_LOADER)";
				WRAPPER_EXTENSION = xctest;
			};
			name = Release;
		};
/* End XCBuildConfiguration section */

/* Begin XCConfigurationList section */
		92674706191A7DD70099CF51 /* Build configuration list for PBXProject "123" */ = {
			isa = XCConfigurationList;
			buildConfigurations = (
				9267473B191A7DD70099CF51 /* Debug */,
				9267473C191A7DD70099CF51 /* Release */,
			);
			defaultConfigurationIsVisible = 0;
			defaultConfigurationName = Release;
		};
		9267473D191A7DD70099CF51 /* Build configuration list for PBXNativeTarget "123" */ = {
			isa = XCConfigurationList;
			buildConfigurations = (
				9267473E191A7DD70099CF51 /* Debug */,
				9267473F191A7DD70099CF51 /* Release */,
			);
			defaultConfigurationIsVisible = 0;
		};
		92674740191A7DD70099CF51 /* Build configuration list for PBXNativeTarget "123Tests" */ = {
			isa = XCConfigurationList;
			buildConfigurations = (
				92674741191A7DD70099CF51 /* Debug */,
				92674742191A7DD70099CF51 /* Release */,
			);
			defaultConfigurationIsVisible = 0;
		};
/* End XCConfigurationList section */
	};
	rootObject = 92674703191A7DD70099CF51 /* Project object */;
}
