// !$*UTF8*$!
{
	archiveVersion = 1;
	classes = {
	};
	objectVersion = 46;
	objects = {

/* Begin PBXBuildFile section */
		271B8478193733C6007BC94D /* Foundation.framework in Frameworks */ = {isa = PBXBuildFile; fileRef = 271B8477193733C6007BC94D /* Foundation.framework */; };
		271B847A193733C6007BC94D /* CoreGraphics.framework in Frameworks */ = {isa = PBXBuildFile; fileRef = 271B8479193733C6007BC94D /* CoreGraphics.framework */; };
		271B847C193733C6007BC94D /* UIKit.framework in Frameworks */ = {isa = PBXBuildFile; fileRef = 271B847B193733C6007BC94D /* UIKit.framework */; };
		271B8482193733C6007BC94D /* InfoPlist.strings in Resources */ = {isa = PBXBuildFile; fileRef = 271B8480193733C6007BC94D /* InfoPlist.strings */; };
		271B8484193733C6007BC94D /* main.m in Sources */ = {isa = PBXBuildFile; fileRef = 271B8483193733C6007BC94D /* main.m */; };
		271B8488193733C7007BC94D /* BNRAppDelegate.m in Sources */ = {isa = PBXBuildFile; fileRef = 271B8487193733C7007BC94D /* BNRAppDelegate.m */; };
		271B848A193733C7007BC94D /* Images.xcassets in Resources */ = {isa = PBXBuildFile; fileRef = 271B8489193733C7007BC94D /* Images.xcassets */; };
		271B8491193733C7007BC94D /* XCTest.framework in Frameworks */ = {isa = PBXBuildFile; fileRef = 271B8490193733C7007BC94D /* XCTest.framework */; };
		271B8492193733C7007BC94D /* Foundation.framework in Frameworks */ = {isa = PBXBuildFile; fileRef = 271B8477193733C6007BC94D /* Foundation.framework */; };
		271B8493193733C7007BC94D /* UIKit.framework in Frameworks */ = {isa = PBXBuildFile; fileRef = 271B847B193733C6007BC94D /* UIKit.framework */; };
		271B849B193733C7007BC94D /* InfoPlist.strings in Resources */ = {isa = PBXBuildFile; fileRef = 271B8499193733C7007BC94D /* InfoPlist.strings */; };
		271B849D193733C7007BC94D /* ReHomepwnerTests.m in Sources */ = {isa = PBXBuildFile; fileRef = 271B849C193733C7007BC94D /* ReHomepwnerTests.m */; };
		271B84AB193734BB007BC94D /* BNRItemViewController.m in Sources */ = {isa = PBXBuildFile; fileRef = 271B84AA193734BB007BC94D /* BNRItemViewController.m */; };
		271B84AE19373901007BC94D /* BNRItem.m in Sources */ = {isa = PBXBuildFile; fileRef = 271B84AD19373901007BC94D /* BNRItem.m */; };
		271B84B119373ACE007BC94D /* BNRItemStore.m in Sources */ = {isa = PBXBuildFile; fileRef = 271B84B019373ACE007BC94D /* BNRItemStore.m */; };
/* End PBXBuildFile section */

/* Begin PBXContainerItemProxy section */
		271B8494193733C7007BC94D /* PBXContainerItemProxy */ = {
			isa = PBXContainerItemProxy;
			containerPortal = 271B846C193733C6007BC94D /* Project object */;
			proxyType = 1;
			remoteGlobalIDString = 271B8473193733C6007BC94D;
			remoteInfo = ReHomepwner;
		};
/* End PBXContainerItemProxy section */

/* Begin PBXFileReference section */
		271B8474193733C6007BC94D /* ReHomepwner.app */ = {isa = PBXFileReference; explicitFileType = wrapper.application; includeInIndex = 0; path = ReHomepwner.app; sourceTree = BUILT_PRODUCTS_DIR; };
		271B8477193733C6007BC94D /* Foundation.framework */ = {isa = PBXFileReference; lastKnownFileType = wrapper.framework; name = Foundation.framework; path = System/Library/Frameworks/Foundation.framework; sourceTree = SDKROOT; };
		271B8479193733C6007BC94D /* CoreGraphics.framework */ = {isa = PBXFileReference; lastKnownFileType = wrapper.framework; name = CoreGraphics.framework; path = System/Library/Frameworks/CoreGraphics.framework; sourceTree = SDKROOT; };
		271B847B193733C6007BC94D /* UIKit.framework */ = {isa = PBXFileReference; lastKnownFileType = wrapper.framework; name = UIKit.framework; path = System/Library/Frameworks/UIKit.framework; sourceTree = SDKROOT; };
		271B847F193733C6007BC94D /* ReHomepwner-Info.plist */ = {isa = PBXFileReference; lastKnownFileType = text.plist.xml; path = "ReHomepwner-Info.plist"; sourceTree = "<group>"; };
		271B8481193733C6007BC94D /* en */ = {isa = PBXFileReference; lastKnownFileType = text.plist.strings; name = en; path = en.lproj/InfoPlist.strings; sourceTree = "<group>"; };
		271B8483193733C6007BC94D /* main.m */ = {isa = PBXFileReference; lastKnownFileType = sourcecode.c.objc; path = main.m; sourceTree = "<group>"; };
		271B8485193733C6007BC94D /* ReHomepwner-Prefix.pch */ = {isa = PBXFileReference; lastKnownFileType = sourcecode.c.h; path = "ReHomepwner-Prefix.pch"; sourceTree = "<group>"; };
		271B8486193733C6007BC94D /* BNRAppDelegate.h */ = {isa = PBXFileReference; lastKnownFileType = sourcecode.c.h; path = BNRAppDelegate.h; sourceTree = "<group>"; };
		271B8487193733C7007BC94D /* BNRAppDelegate.m */ = {isa = PBXFileReference; lastKnownFileType = sourcecode.c.objc; path = BNRAppDelegate.m; sourceTree = "<group>"; };
		271B8489193733C7007BC94D /* Images.xcassets */ = {isa = PBXFileReference; lastKnownFileType = folder.assetcatalog; path = Images.xcassets; sourceTree = "<group>"; };
		271B848F193733C7007BC94D /* ReHomepwnerTests.xctest */ = {isa = PBXFileReference; explicitFileType = wrapper.cfbundle; includeInIndex = 0; path = ReHomepwnerTests.xctest; sourceTree = BUILT_PRODUCTS_DIR; };
		271B8490193733C7007BC94D /* XCTest.framework */ = {isa = PBXFileReference; lastKnownFileType = wrapper.framework; name = XCTest.framework; path = Library/Frameworks/XCTest.framework; sourceTree = DEVELOPER_DIR; };
		271B8498193733C7007BC94D /* ReHomepwnerTests-Info.plist */ = {isa = PBXFileReference; lastKnownFileType = text.plist.xml; path = "ReHomepwnerTests-Info.plist"; sourceTree = "<group>"; };
		271B849A193733C7007BC94D /* en */ = {isa = PBXFileReference; lastKnownFileType = text.plist.strings; name = en; path = en.lproj/InfoPlist.strings; sourceTree = "<group>"; };
		271B849C193733C7007BC94D /* ReHomepwnerTests.m */ = {isa = PBXFileReference; lastKnownFileType = sourcecode.c.objc; path = ReHomepwnerTests.m; sourceTree = "<group>"; };
		271B84A9193734BB007BC94D /* BNRItemViewController.h */ = {isa = PBXFileReference; fileEncoding = 4; lastKnownFileType = sourcecode.c.h; path = BNRItemViewController.h; sourceTree = "<group>"; };
		271B84AA193734BB007BC94D /* BNRItemViewController.m */ = {isa = PBXFileReference; fileEncoding = 4; lastKnownFileType = sourcecode.c.objc; path = BNRItemViewController.m; sourceTree = "<group>"; };
		271B84AC19373901007BC94D /* BNRItem.h */ = {isa = PBXFileReference; fileEncoding = 4; lastKnownFileType = sourcecode.c.h; path = BNRItem.h; sourceTree = "<group>"; };
		271B84AD19373901007BC94D /* BNRItem.m */ = {isa = PBXFileReference; fileEncoding = 4; lastKnownFileType = sourcecode.c.objc; path = BNRItem.m; sourceTree = "<group>"; };
		271B84AF19373ACE007BC94D /* BNRItemStore.h */ = {isa = PBXFileReference; fileEncoding = 4; lastKnownFileType = sourcecode.c.h; path = BNRItemStore.h; sourceTree = "<group>"; };
		271B84B019373ACE007BC94D /* BNRItemStore.m */ = {isa = PBXFileReference; fileEncoding = 4; lastKnownFileType = sourcecode.c.objc; path = BNRItemStore.m; sourceTree = "<group>"; };
/* End PBXFileReference section */

/* Begin PBXFrameworksBuildPhase section */
		271B8471193733C6007BC94D /* Frameworks */ = {
			isa = PBXFrameworksBuildPhase;
			buildActionMask = 2147483647;
			files = (
				271B847A193733C6007BC94D /* CoreGraphics.framework in Frameworks */,
				271B847C193733C6007BC94D /* UIKit.framework in Frameworks */,
				271B8478193733C6007BC94D /* Foundation.framework in Frameworks */,
			);
			runOnlyForDeploymentPostprocessing = 0;
		};
		271B848C193733C7007BC94D /* Frameworks */ = {
			isa = PBXFrameworksBuildPhase;
			buildActionMask = 2147483647;
			files = (
				271B8491193733C7007BC94D /* XCTest.framework in Frameworks */,
				271B8493193733C7007BC94D /* UIKit.framework in Frameworks */,
				271B8492193733C7007BC94D /* Foundation.framework in Frameworks */,
			);
			runOnlyForDeploymentPostprocessing = 0;
		};
/* End PBXFrameworksBuildPhase section */

/* Begin PBXGroup section */
		271B846B193733C6007BC94D = {
			isa = PBXGroup;
			children = (
				271B847D193733C6007BC94D /* ReHomepwner */,
				271B8496193733C7007BC94D /* ReHomepwnerTests */,
				271B8476193733C6007BC94D /* Frameworks */,
				271B8475193733C6007BC94D /* Products */,
			);
			sourceTree = "<group>";
		};
		271B8475193733C6007BC94D /* Products */ = {
			isa = PBXGroup;
			children = (
				271B8474193733C6007BC94D /* ReHomepwner.app */,
				271B848F193733C7007BC94D /* ReHomepwnerTests.xctest */,
			);
			name = Products;
			sourceTree = "<group>";
		};
		271B8476193733C6007BC94D /* Frameworks */ = {
			isa = PBXGroup;
			children = (
				271B8477193733C6007BC94D /* Foundation.framework */,
				271B8479193733C6007BC94D /* CoreGraphics.framework */,
				271B847B193733C6007BC94D /* UIKit.framework */,
				271B8490193733C7007BC94D /* XCTest.framework */,
			);
			name = Frameworks;
			sourceTree = "<group>";
		};
		271B847D193733C6007BC94D /* ReHomepwner */ = {
			isa = PBXGroup;
			children = (
				271B84AC19373901007BC94D /* BNRItem.h */,
				271B84AD19373901007BC94D /* BNRItem.m */,
				271B84AF19373ACE007BC94D /* BNRItemStore.h */,
				271B84B019373ACE007BC94D /* BNRItemStore.m */,
				271B8486193733C6007BC94D /* BNRAppDelegate.h */,
				271B8487193733C7007BC94D /* BNRAppDelegate.m */,
				271B84A9193734BB007BC94D /* BNRItemViewController.h */,
				271B84AA193734BB007BC94D /* BNRItemViewController.m */,
				271B8489193733C7007BC94D /* Images.xcassets */,
				271B847E193733C6007BC94D /* Supporting Files */,
			);
			path = ReHomepwner;
			sourceTree = "<group>";
		};
		271B847E193733C6007BC94D /* Supporting Files */ = {
			isa = PBXGroup;
			children = (
				271B847F193733C6007BC94D /* ReHomepwner-Info.plist */,
				271B8480193733C6007BC94D /* InfoPlist.strings */,
				271B8483193733C6007BC94D /* main.m */,
				271B8485193733C6007BC94D /* ReHomepwner-Prefix.pch */,
			);
			name = "Supporting Files";
			sourceTree = "<group>";
		};
		271B8496193733C7007BC94D /* ReHomepwnerTests */ = {
			isa = PBXGroup;
			children = (
				271B849C193733C7007BC94D /* ReHomepwnerTests.m */,
				271B8497193733C7007BC94D /* Supporting Files */,
			);
			path = ReHomepwnerTests;
			sourceTree = "<group>";
		};
		271B8497193733C7007BC94D /* Supporting Files */ = {
			isa = PBXGroup;
			children = (
				271B8498193733C7007BC94D /* ReHomepwnerTests-Info.plist */,
				271B8499193733C7007BC94D /* InfoPlist.strings */,
			);
			name = "Supporting Files";
			sourceTree = "<group>";
		};
/* End PBXGroup section */

/* Begin PBXNativeTarget section */
		271B8473193733C6007BC94D /* ReHomepwner */ = {
			isa = PBXNativeTarget;
			buildConfigurationList = 271B84A0193733C7007BC94D /* Build configuration list for PBXNativeTarget "ReHomepwner" */;
			buildPhases = (
				271B8470193733C6007BC94D /* Sources */,
				271B8471193733C6007BC94D /* Frameworks */,
				271B8472193733C6007BC94D /* Resources */,
			);
			buildRules = (
			);
			dependencies = (
			);
			name = ReHomepwner;
			productName = ReHomepwner;
			productReference = 271B8474193733C6007BC94D /* ReHomepwner.app */;
			productType = "com.apple.product-type.application";
		};
		271B848E193733C7007BC94D /* ReHomepwnerTests */ = {
			isa = PBXNativeTarget;
			buildConfigurationList = 271B84A3193733C7007BC94D /* Build configuration list for PBXNativeTarget "ReHomepwnerTests" */;
			buildPhases = (
				271B848B193733C7007BC94D /* Sources */,
				271B848C193733C7007BC94D /* Frameworks */,
				271B848D193733C7007BC94D /* Resources */,
			);
			buildRules = (
			);
			dependencies = (
				271B8495193733C7007BC94D /* PBXTargetDependency */,
			);
			name = ReHomepwnerTests;
			productName = ReHomepwnerTests;
			productReference = 271B848F193733C7007BC94D /* ReHomepwnerTests.xctest */;
			productType = "com.apple.product-type.bundle.unit-test";
		};
/* End PBXNativeTarget section */

/* Begin PBXProject section */
		271B846C193733C6007BC94D /* Project object */ = {
			isa = PBXProject;
			attributes = {
				CLASSPREFIX = BNR;
				LastUpgradeCheck = 0510;
				ORGANIZATIONNAME = "Chris Arquelada";
				TargetAttributes = {
					271B848E193733C7007BC94D = {
						TestTargetID = 271B8473193733C6007BC94D;
					};
				};
			};
			buildConfigurationList = 271B846F193733C6007BC94D /* Build configuration list for PBXProject "ReHomepwner" */;
			compatibilityVersion = "Xcode 3.2";
			developmentRegion = English;
			hasScannedForEncodings = 0;
			knownRegions = (
				en,
			);
			mainGroup = 271B846B193733C6007BC94D;
			productRefGroup = 271B8475193733C6007BC94D /* Products */;
			projectDirPath = "";
			projectRoot = "";
			targets = (
				271B8473193733C6007BC94D /* ReHomepwner */,
				271B848E193733C7007BC94D /* ReHomepwnerTests */,
			);
		};
/* End PBXProject section */

/* Begin PBXResourcesBuildPhase section */
		271B8472193733C6007BC94D /* Resources */ = {
			isa = PBXResourcesBuildPhase;
			buildActionMask = 2147483647;
			files = (
				271B8482193733C6007BC94D /* InfoPlist.strings in Resources */,
				271B848A193733C7007BC94D /* Images.xcassets in Resources */,
			);
			runOnlyForDeploymentPostprocessing = 0;
		};
		271B848D193733C7007BC94D /* Resources */ = {
			isa = PBXResourcesBuildPhase;
			buildActionMask = 2147483647;
			files = (
				271B849B193733C7007BC94D /* InfoPlist.strings in Resources */,
			);
			runOnlyForDeploymentPostprocessing = 0;
		};
/* End PBXResourcesBuildPhase section */

/* Begin PBXSourcesBuildPhase section */
		271B8470193733C6007BC94D /* Sources */ = {
			isa = PBXSourcesBuildPhase;
			buildActionMask = 2147483647;
			files = (
				271B84B119373ACE007BC94D /* BNRItemStore.m in Sources */,
				271B8484193733C6007BC94D /* main.m in Sources */,
				271B84AE19373901007BC94D /* BNRItem.m in Sources */,
				271B8488193733C7007BC94D /* BNRAppDelegate.m in Sources */,
				271B84AB193734BB007BC94D /* BNRItemViewController.m in Sources */,
			);
			runOnlyForDeploymentPostprocessing = 0;
		};
		271B848B193733C7007BC94D /* Sources */ = {
			isa = PBXSourcesBuildPhase;
			buildActionMask = 2147483647;
			files = (
				271B849D193733C7007BC94D /* ReHomepwnerTests.m in Sources */,
			);
			runOnlyForDeploymentPostprocessing = 0;
		};
/* End PBXSourcesBuildPhase section */

/* Begin PBXTargetDependency section */
		271B8495193733C7007BC94D /* PBXTargetDependency */ = {
			isa = PBXTargetDependency;
			target = 271B8473193733C6007BC94D /* ReHomepwner */;
			targetProxy = 271B8494193733C7007BC94D /* PBXContainerItemProxy */;
		};
/* End PBXTargetDependency section */

/* Begin PBXVariantGroup section */
		271B8480193733C6007BC94D /* InfoPlist.strings */ = {
			isa = PBXVariantGroup;
			children = (
				271B8481193733C6007BC94D /* en */,
			);
			name = InfoPlist.strings;
			sourceTree = "<group>";
		};
		271B8499193733C7007BC94D /* InfoPlist.strings */ = {
			isa = PBXVariantGroup;
			children = (
				271B849A193733C7007BC94D /* en */,
			);
			name = InfoPlist.strings;
			sourceTree = "<group>";
		};
/* End PBXVariantGroup section */

/* Begin XCBuildConfiguration section */
		271B849E193733C7007BC94D /* Debug */ = {
			isa = XCBuildConfiguration;
			buildSettings = {
				ALWAYS_SEARCH_USER_PATHS = NO;
				CLANG_CXX_LANGUAGE_STANDARD = "gnu++0x";
				CLANG_CXX_LIBRARY = "libc++";
				CLANG_ENABLE_MODULES = YES;
				CLANG_ENABLE_OBJC_ARC = YES;
				CLANG_WARN_BOOL_CONVERSION = YES;
				CLANG_WARN_CONSTANT_CONVERSION = YES;
				CLANG_WARN_DIRECT_OBJC_ISA_USAGE = YES_ERROR;
				CLANG_WARN_EMPTY_BODY = YES;
				CLANG_WARN_ENUM_CONVERSION = YES;
				CLANG_WARN_INT_CONVERSION = YES;
				CLANG_WARN_OBJC_ROOT_CLASS = YES_ERROR;
				CLANG_WARN__DUPLICATE_METHOD_MATCH = YES;
				"CODE_SIGN_IDENTITY[sdk=iphoneos*]" = "iPhone Developer";
				COPY_PHASE_STRIP = NO;
				GCC_C_LANGUAGE_STANDARD = gnu99;
				GCC_DYNAMIC_NO_PIC = NO;
				GCC_OPTIMIZATION_LEVEL = 0;
				GCC_PREPROCESSOR_DEFINITIONS = (
					"DEBUG=1",
					"$(inherited)",
				);
				GCC_SYMBOLS_PRIVATE_EXTERN = NO;
				GCC_WARN_64_TO_32_BIT_CONVERSION = YES;
				GCC_WARN_ABOUT_RETURN_TYPE = YES_ERROR;
				GCC_WARN_UNDECLARED_SELECTOR = YES;
				GCC_WARN_UNINITIALIZED_AUTOS = YES_AGGRESSIVE;
				GCC_WARN_UNUSED_FUNCTION = YES;
				GCC_WARN_UNUSED_VARIABLE = YES;
				IPHONEOS_DEPLOYMENT_TARGET = 7.1;
				ONLY_ACTIVE_ARCH = YES;
				SDKROOT = iphoneos;
			};
			name = Debug;
		};
		271B849F193733C7007BC94D /* Release */ = {
			isa = XCBuildConfiguration;
			buildSettings = {
				ALWAYS_SEARCH_USER_PATHS = NO;
				CLANG_CXX_LANGUAGE_STANDARD = "gnu++0x";
				CLANG_CXX_LIBRARY = "libc++";
				CLANG_ENABLE_MODULES = YES;
				CLANG_ENABLE_OBJC_ARC = YES;
				CLANG_WARN_BOOL_CONVERSION = YES;
				CLANG_WARN_CONSTANT_CONVERSION = YES;
				CLANG_WARN_DIRECT_OBJC_ISA_USAGE = YES_ERROR;
				CLANG_WARN_EMPTY_BODY = YES;
				CLANG_WARN_ENUM_CONVERSION = YES;
				CLANG_WARN_INT_CONVERSION = YES;
				CLANG_WARN_OBJC_ROOT_CLASS = YES_ERROR;
				CLANG_WARN__DUPLICATE_METHOD_MATCH = YES;
				"CODE_SIGN_IDENTITY[sdk=iphoneos*]" = "iPhone Developer";
				COPY_PHASE_STRIP = YES;
				ENABLE_NS_ASSERTIONS = NO;
				GCC_C_LANGUAGE_STANDARD = gnu99;
				GCC_WARN_64_TO_32_BIT_CONVERSION = YES;
				GCC_WARN_ABOUT_RETURN_TYPE = YES_ERROR;
				GCC_WARN_UNDECLARED_SELECTOR = YES;
				GCC_WARN_UNINITIALIZED_AUTOS = YES_AGGRESSIVE;
				GCC_WARN_UNUSED_FUNCTION = YES;
				GCC_WARN_UNUSED_VARIABLE = YES;
				IPHONEOS_DEPLOYMENT_TARGET = 7.1;
				SDKROOT = iphoneos;
				VALIDATE_PRODUCT = YES;
			};
			name = Release;
		};
		271B84A1193733C7007BC94D /* Debug */ = {
			isa = XCBuildConfiguration;
			buildSettings = {
				ASSETCATALOG_COMPILER_APPICON_NAME = AppIcon;
				ASSETCATALOG_COMPILER_LAUNCHIMAGE_NAME = LaunchImage;
				GCC_PRECOMPILE_PREFIX_HEADER = YES;
				GCC_PREFIX_HEADER = "ReHomepwner/ReHomepwner-Prefix.pch";
				INFOPLIST_FILE = "ReHomepwner/ReHomepwner-Info.plist";
				PRODUCT_NAME = "$(TARGET_NAME)";
				WRAPPER_EXTENSION = app;
			};
			name = Debug;
		};
		271B84A2193733C7007BC94D /* Release */ = {
			isa = XCBuildConfiguration;
			buildSettings = {
				ASSETCATALOG_COMPILER_APPICON_NAME = AppIcon;
				ASSETCATALOG_COMPILER_LAUNCHIMAGE_NAME = LaunchImage;
				GCC_PRECOMPILE_PREFIX_HEADER = YES;
				GCC_PREFIX_HEADER = "ReHomepwner/ReHomepwner-Prefix.pch";
				INFOPLIST_FILE = "ReHomepwner/ReHomepwner-Info.plist";
				PRODUCT_NAME = "$(TARGET_NAME)";
				WRAPPER_EXTENSION = app;
			};
			name = Release;
		};
		271B84A4193733C7007BC94D /* Debug */ = {
			isa = XCBuildConfiguration;
			buildSettings = {
				BUNDLE_LOADER = "$(BUILT_PRODUCTS_DIR)/ReHomepwner.app/ReHomepwner";
				FRAMEWORK_SEARCH_PATHS = (
					"$(SDKROOT)/Developer/Library/Frameworks",
					"$(inherited)",
					"$(DEVELOPER_FRAMEWORKS_DIR)",
				);
				GCC_PRECOMPILE_PREFIX_HEADER = YES;
				GCC_PREFIX_HEADER = "ReHomepwner/ReHomepwner-Prefix.pch";
				GCC_PREPROCESSOR_DEFINITIONS = (
					"DEBUG=1",
					"$(inherited)",
				);
				INFOPLIST_FILE = "ReHomepwnerTests/ReHomepwnerTests-Info.plist";
				PRODUCT_NAME = "$(TARGET_NAME)";
				TEST_HOST = "$(BUNDLE_LOADER)";
				WRAPPER_EXTENSION = xctest;
			};
			name = Debug;
		};
		271B84A5193733C7007BC94D /* Release */ = {
			isa = XCBuildConfiguration;
			buildSettings = {
				BUNDLE_LOADER = "$(BUILT_PRODUCTS_DIR)/ReHomepwner.app/ReHomepwner";
				FRAMEWORK_SEARCH_PATHS = (
					"$(SDKROOT)/Developer/Library/Frameworks",
					"$(inherited)",
					"$(DEVELOPER_FRAMEWORKS_DIR)",
				);
				GCC_PRECOMPILE_PREFIX_HEADER = YES;
				GCC_PREFIX_HEADER = "ReHomepwner/ReHomepwner-Prefix.pch";
				INFOPLIST_FILE = "ReHomepwnerTests/ReHomepwnerTests-Info.plist";
				PRODUCT_NAME = "$(TARGET_NAME)";
				TEST_HOST = "$(BUNDLE_LOADER)";
				WRAPPER_EXTENSION = xctest;
			};
			name = Release;
		};
/* End XCBuildConfiguration section */

/* Begin XCConfigurationList section */
		271B846F193733C6007BC94D /* Build configuration list for PBXProject "ReHomepwner" */ = {
			isa = XCConfigurationList;
			buildConfigurations = (
				271B849E193733C7007BC94D /* Debug */,
				271B849F193733C7007BC94D /* Release */,
			);
			defaultConfigurationIsVisible = 0;
			defaultConfigurationName = Release;
		};
		271B84A0193733C7007BC94D /* Build configuration list for PBXNativeTarget "ReHomepwner" */ = {
			isa = XCConfigurationList;
			buildConfigurations = (
				271B84A1193733C7007BC94D /* Debug */,
				271B84A2193733C7007BC94D /* Release */,
			);
			defaultConfigurationIsVisible = 0;
		};
		271B84A3193733C7007BC94D /* Build configuration list for PBXNativeTarget "ReHomepwnerTests" */ = {
			isa = XCConfigurationList;
			buildConfigurations = (
				271B84A4193733C7007BC94D /* Debug */,
				271B84A5193733C7007BC94D /* Release */,
			);
			defaultConfigurationIsVisible = 0;
		};
/* End XCConfigurationList section */
	};
	rootObject = 271B846C193733C6007BC94D /* Project object */;
}
