// !$*UTF8*$!
{
	archiveVersion = 1;
	classes = {
	};
	objectVersion = 46;
	objects = {

/* Begin PBXBuildFile section */
		92447D78191F35B000E7A650 /* Foundation.framework in Frameworks */ = {isa = PBXBuildFile; fileRef = 92447D77191F35B000E7A650 /* Foundation.framework */; };
		92447D7A191F35B000E7A650 /* CoreGraphics.framework in Frameworks */ = {isa = PBXBuildFile; fileRef = 92447D79191F35B000E7A650 /* CoreGraphics.framework */; };
		92447D7C191F35B000E7A650 /* UIKit.framework in Frameworks */ = {isa = PBXBuildFile; fileRef = 92447D7B191F35B000E7A650 /* UIKit.framework */; };
		92447D82191F35B000E7A650 /* InfoPlist.strings in Resources */ = {isa = PBXBuildFile; fileRef = 92447D80191F35B000E7A650 /* InfoPlist.strings */; };
		92447D84191F35B000E7A650 /* main.m in Sources */ = {isa = PBXBuildFile; fileRef = 92447D83191F35B000E7A650 /* main.m */; };
		92447D88191F35B000E7A650 /* AppDelegate.m in Sources */ = {isa = PBXBuildFile; fileRef = 92447D87191F35B000E7A650 /* AppDelegate.m */; };
		92447D8B191F35B000E7A650 /* Main.storyboard in Resources */ = {isa = PBXBuildFile; fileRef = 92447D89191F35B000E7A650 /* Main.storyboard */; };
		92447D8E191F35B000E7A650 /* ViewController.m in Sources */ = {isa = PBXBuildFile; fileRef = 92447D8D191F35B000E7A650 /* ViewController.m */; };
		92447D90191F35B000E7A650 /* Images.xcassets in Resources */ = {isa = PBXBuildFile; fileRef = 92447D8F191F35B000E7A650 /* Images.xcassets */; };
		92447D97191F35B000E7A650 /* XCTest.framework in Frameworks */ = {isa = PBXBuildFile; fileRef = 92447D96191F35B000E7A650 /* XCTest.framework */; };
		92447D98191F35B000E7A650 /* Foundation.framework in Frameworks */ = {isa = PBXBuildFile; fileRef = 92447D77191F35B000E7A650 /* Foundation.framework */; };
		92447D99191F35B000E7A650 /* UIKit.framework in Frameworks */ = {isa = PBXBuildFile; fileRef = 92447D7B191F35B000E7A650 /* UIKit.framework */; };
		92447DA1191F35B000E7A650 /* InfoPlist.strings in Resources */ = {isa = PBXBuildFile; fileRef = 92447D9F191F35B000E7A650 /* InfoPlist.strings */; };
		92447DA3191F35B000E7A650 /* table1Tests.m in Sources */ = {isa = PBXBuildFile; fileRef = 92447DA2191F35B000E7A650 /* table1Tests.m */; };
/* End PBXBuildFile section */

/* Begin PBXContainerItemProxy section */
		92447D9A191F35B000E7A650 /* PBXContainerItemProxy */ = {
			isa = PBXContainerItemProxy;
			containerPortal = 92447D6C191F35B000E7A650 /* Project object */;
			proxyType = 1;
			remoteGlobalIDString = 92447D73191F35B000E7A650;
			remoteInfo = table1;
		};
/* End PBXContainerItemProxy section */

/* Begin PBXFileReference section */
		92447D74191F35B000E7A650 /* table1.app */ = {isa = PBXFileReference; explicitFileType = wrapper.application; includeInIndex = 0; path = table1.app; sourceTree = BUILT_PRODUCTS_DIR; };
		92447D77191F35B000E7A650 /* Foundation.framework */ = {isa = PBXFileReference; lastKnownFileType = wrapper.framework; name = Foundation.framework; path = System/Library/Frameworks/Foundation.framework; sourceTree = SDKROOT; };
		92447D79191F35B000E7A650 /* CoreGraphics.framework */ = {isa = PBXFileReference; lastKnownFileType = wrapper.framework; name = CoreGraphics.framework; path = System/Library/Frameworks/CoreGraphics.framework; sourceTree = SDKROOT; };
		92447D7B191F35B000E7A650 /* UIKit.framework */ = {isa = PBXFileReference; lastKnownFileType = wrapper.framework; name = UIKit.framework; path = System/Library/Frameworks/UIKit.framework; sourceTree = SDKROOT; };
		92447D7F191F35B000E7A650 /* table1-Info.plist */ = {isa = PBXFileReference; lastKnownFileType = text.plist.xml; path = "table1-Info.plist"; sourceTree = "<group>"; };
		92447D81191F35B000E7A650 /* en */ = {isa = PBXFileReference; lastKnownFileType = text.plist.strings; name = en; path = en.lproj/InfoPlist.strings; sourceTree = "<group>"; };
		92447D83191F35B000E7A650 /* main.m */ = {isa = PBXFileReference; lastKnownFileType = sourcecode.c.objc; path = main.m; sourceTree = "<group>"; };
		92447D85191F35B000E7A650 /* table1-Prefix.pch */ = {isa = PBXFileReference; lastKnownFileType = sourcecode.c.h; path = "table1-Prefix.pch"; sourceTree = "<group>"; };
		92447D86191F35B000E7A650 /* AppDelegate.h */ = {isa = PBXFileReference; lastKnownFileType = sourcecode.c.h; path = AppDelegate.h; sourceTree = "<group>"; };
		92447D87191F35B000E7A650 /* AppDelegate.m */ = {isa = PBXFileReference; lastKnownFileType = sourcecode.c.objc; path = AppDelegate.m; sourceTree = "<group>"; };
		92447D8A191F35B000E7A650 /* Base */ = {isa = PBXFileReference; lastKnownFileType = file.storyboard; name = Base; path = Base.lproj/Main.storyboard; sourceTree = "<group>"; };
		92447D8C191F35B000E7A650 /* ViewController.h */ = {isa = PBXFileReference; lastKnownFileType = sourcecode.c.h; path = ViewController.h; sourceTree = "<group>"; };
		92447D8D191F35B000E7A650 /* ViewController.m */ = {isa = PBXFileReference; lastKnownFileType = sourcecode.c.objc; path = ViewController.m; sourceTree = "<group>"; };
		92447D8F191F35B000E7A650 /* Images.xcassets */ = {isa = PBXFileReference; lastKnownFileType = folder.assetcatalog; path = Images.xcassets; sourceTree = "<group>"; };
		92447D95191F35B000E7A650 /* table1Tests.xctest */ = {isa = PBXFileReference; explicitFileType = wrapper.cfbundle; includeInIndex = 0; path = table1Tests.xctest; sourceTree = BUILT_PRODUCTS_DIR; };
		92447D96191F35B000E7A650 /* XCTest.framework */ = {isa = PBXFileReference; lastKnownFileType = wrapper.framework; name = XCTest.framework; path = Library/Frameworks/XCTest.framework; sourceTree = DEVELOPER_DIR; };
		92447D9E191F35B000E7A650 /* table1Tests-Info.plist */ = {isa = PBXFileReference; lastKnownFileType = text.plist.xml; path = "table1Tests-Info.plist"; sourceTree = "<group>"; };
		92447DA0191F35B000E7A650 /* en */ = {isa = PBXFileReference; lastKnownFileType = text.plist.strings; name = en; path = en.lproj/InfoPlist.strings; sourceTree = "<group>"; };
		92447DA2191F35B000E7A650 /* table1Tests.m */ = {isa = PBXFileReference; lastKnownFileType = sourcecode.c.objc; path = table1Tests.m; sourceTree = "<group>"; };
/* End PBXFileReference section */

/* Begin PBXFrameworksBuildPhase section */
		92447D71191F35B000E7A650 /* Frameworks */ = {
			isa = PBXFrameworksBuildPhase;
			buildActionMask = 2147483647;
			files = (
				92447D7A191F35B000E7A650 /* CoreGraphics.framework in Frameworks */,
				92447D7C191F35B000E7A650 /* UIKit.framework in Frameworks */,
				92447D78191F35B000E7A650 /* Foundation.framework in Frameworks */,
			);
			runOnlyForDeploymentPostprocessing = 0;
		};
		92447D92191F35B000E7A650 /* Frameworks */ = {
			isa = PBXFrameworksBuildPhase;
			buildActionMask = 2147483647;
			files = (
				92447D97191F35B000E7A650 /* XCTest.framework in Frameworks */,
				92447D99191F35B000E7A650 /* UIKit.framework in Frameworks */,
				92447D98191F35B000E7A650 /* Foundation.framework in Frameworks */,
			);
			runOnlyForDeploymentPostprocessing = 0;
		};
/* End PBXFrameworksBuildPhase section */

/* Begin PBXGroup section */
		92447D6B191F35B000E7A650 = {
			isa = PBXGroup;
			children = (
				92447D7D191F35B000E7A650 /* table1 */,
				92447D9C191F35B000E7A650 /* table1Tests */,
				92447D76191F35B000E7A650 /* Frameworks */,
				92447D75191F35B000E7A650 /* Products */,
			);
			sourceTree = "<group>";
		};
		92447D75191F35B000E7A650 /* Products */ = {
			isa = PBXGroup;
			children = (
				92447D74191F35B000E7A650 /* table1.app */,
				92447D95191F35B000E7A650 /* table1Tests.xctest */,
			);
			name = Products;
			sourceTree = "<group>";
		};
		92447D76191F35B000E7A650 /* Frameworks */ = {
			isa = PBXGroup;
			children = (
				92447D77191F35B000E7A650 /* Foundation.framework */,
				92447D79191F35B000E7A650 /* CoreGraphics.framework */,
				92447D7B191F35B000E7A650 /* UIKit.framework */,
				92447D96191F35B000E7A650 /* XCTest.framework */,
			);
			name = Frameworks;
			sourceTree = "<group>";
		};
		92447D7D191F35B000E7A650 /* table1 */ = {
			isa = PBXGroup;
			children = (
				92447D86191F35B000E7A650 /* AppDelegate.h */,
				92447D87191F35B000E7A650 /* AppDelegate.m */,
				92447D89191F35B000E7A650 /* Main.storyboard */,
				92447D8C191F35B000E7A650 /* ViewController.h */,
				92447D8D191F35B000E7A650 /* ViewController.m */,
				92447D8F191F35B000E7A650 /* Images.xcassets */,
				92447D7E191F35B000E7A650 /* Supporting Files */,
			);
			path = table1;
			sourceTree = "<group>";
		};
		92447D7E191F35B000E7A650 /* Supporting Files */ = {
			isa = PBXGroup;
			children = (
				92447D7F191F35B000E7A650 /* table1-Info.plist */,
				92447D80191F35B000E7A650 /* InfoPlist.strings */,
				92447D83191F35B000E7A650 /* main.m */,
				92447D85191F35B000E7A650 /* table1-Prefix.pch */,
			);
			name = "Supporting Files";
			sourceTree = "<group>";
		};
		92447D9C191F35B000E7A650 /* table1Tests */ = {
			isa = PBXGroup;
			children = (
				92447DA2191F35B000E7A650 /* table1Tests.m */,
				92447D9D191F35B000E7A650 /* Supporting Files */,
			);
			path = table1Tests;
			sourceTree = "<group>";
		};
		92447D9D191F35B000E7A650 /* Supporting Files */ = {
			isa = PBXGroup;
			children = (
				92447D9E191F35B000E7A650 /* table1Tests-Info.plist */,
				92447D9F191F35B000E7A650 /* InfoPlist.strings */,
			);
			name = "Supporting Files";
			sourceTree = "<group>";
		};
/* End PBXGroup section */

/* Begin PBXNativeTarget section */
		92447D73191F35B000E7A650 /* table1 */ = {
			isa = PBXNativeTarget;
			buildConfigurationList = 92447DA6191F35B000E7A650 /* Build configuration list for PBXNativeTarget "table1" */;
			buildPhases = (
				92447D70191F35B000E7A650 /* Sources */,
				92447D71191F35B000E7A650 /* Frameworks */,
				92447D72191F35B000E7A650 /* Resources */,
			);
			buildRules = (
			);
			dependencies = (
			);
			name = table1;
			productName = table1;
			productReference = 92447D74191F35B000E7A650 /* table1.app */;
			productType = "com.apple.product-type.application";
		};
		92447D94191F35B000E7A650 /* table1Tests */ = {
			isa = PBXNativeTarget;
			buildConfigurationList = 92447DA9191F35B000E7A650 /* Build configuration list for PBXNativeTarget "table1Tests" */;
			buildPhases = (
				92447D91191F35B000E7A650 /* Sources */,
				92447D92191F35B000E7A650 /* Frameworks */,
				92447D93191F35B000E7A650 /* Resources */,
			);
			buildRules = (
			);
			dependencies = (
				92447D9B191F35B000E7A650 /* PBXTargetDependency */,
			);
			name = table1Tests;
			productName = table1Tests;
			productReference = 92447D95191F35B000E7A650 /* table1Tests.xctest */;
			productType = "com.apple.product-type.bundle.unit-test";
		};
/* End PBXNativeTarget section */

/* Begin PBXProject section */
		92447D6C191F35B000E7A650 /* Project object */ = {
			isa = PBXProject;
			attributes = {
				LastUpgradeCheck = 0510;
				ORGANIZATIONNAME = "Big Nerd Ranch";
				TargetAttributes = {
					92447D94191F35B000E7A650 = {
						TestTargetID = 92447D73191F35B000E7A650;
					};
				};
			};
			buildConfigurationList = 92447D6F191F35B000E7A650 /* Build configuration list for PBXProject "table1" */;
			compatibilityVersion = "Xcode 3.2";
			developmentRegion = English;
			hasScannedForEncodings = 0;
			knownRegions = (
				en,
				Base,
			);
			mainGroup = 92447D6B191F35B000E7A650;
			productRefGroup = 92447D75191F35B000E7A650 /* Products */;
			projectDirPath = "";
			projectRoot = "";
			targets = (
				92447D73191F35B000E7A650 /* table1 */,
				92447D94191F35B000E7A650 /* table1Tests */,
			);
		};
/* End PBXProject section */

/* Begin PBXResourcesBuildPhase section */
		92447D72191F35B000E7A650 /* Resources */ = {
			isa = PBXResourcesBuildPhase;
			buildActionMask = 2147483647;
			files = (
				92447D90191F35B000E7A650 /* Images.xcassets in Resources */,
				92447D82191F35B000E7A650 /* InfoPlist.strings in Resources */,
				92447D8B191F35B000E7A650 /* Main.storyboard in Resources */,
			);
			runOnlyForDeploymentPostprocessing = 0;
		};
		92447D93191F35B000E7A650 /* Resources */ = {
			isa = PBXResourcesBuildPhase;
			buildActionMask = 2147483647;
			files = (
				92447DA1191F35B000E7A650 /* InfoPlist.strings in Resources */,
			);
			runOnlyForDeploymentPostprocessing = 0;
		};
/* End PBXResourcesBuildPhase section */

/* Begin PBXSourcesBuildPhase section */
		92447D70191F35B000E7A650 /* Sources */ = {
			isa = PBXSourcesBuildPhase;
			buildActionMask = 2147483647;
			files = (
				92447D8E191F35B000E7A650 /* ViewController.m in Sources */,
				92447D88191F35B000E7A650 /* AppDelegate.m in Sources */,
				92447D84191F35B000E7A650 /* main.m in Sources */,
			);
			runOnlyForDeploymentPostprocessing = 0;
		};
		92447D91191F35B000E7A650 /* Sources */ = {
			isa = PBXSourcesBuildPhase;
			buildActionMask = 2147483647;
			files = (
				92447DA3191F35B000E7A650 /* table1Tests.m in Sources */,
			);
			runOnlyForDeploymentPostprocessing = 0;
		};
/* End PBXSourcesBuildPhase section */

/* Begin PBXTargetDependency section */
		92447D9B191F35B000E7A650 /* PBXTargetDependency */ = {
			isa = PBXTargetDependency;
			target = 92447D73191F35B000E7A650 /* table1 */;
			targetProxy = 92447D9A191F35B000E7A650 /* PBXContainerItemProxy */;
		};
/* End PBXTargetDependency section */

/* Begin PBXVariantGroup section */
		92447D80191F35B000E7A650 /* InfoPlist.strings */ = {
			isa = PBXVariantGroup;
			children = (
				92447D81191F35B000E7A650 /* en */,
			);
			name = InfoPlist.strings;
			sourceTree = "<group>";
		};
		92447D89191F35B000E7A650 /* Main.storyboard */ = {
			isa = PBXVariantGroup;
			children = (
				92447D8A191F35B000E7A650 /* Base */,
			);
			name = Main.storyboard;
			sourceTree = "<group>";
		};
		92447D9F191F35B000E7A650 /* InfoPlist.strings */ = {
			isa = PBXVariantGroup;
			children = (
				92447DA0191F35B000E7A650 /* en */,
			);
			name = InfoPlist.strings;
			sourceTree = "<group>";
		};
/* End PBXVariantGroup section */

/* Begin XCBuildConfiguration section */
		92447DA4191F35B000E7A650 /* Debug */ = {
			isa = XCBuildConfiguration;
			buildSettings = {
				ALWAYS_SEARCH_USER_PATHS = NO;
				CLANG_CXX_LANGUAGE_STANDARD = "gnu++0x";
				CLANG_CXX_LIBRARY = "libc++";
				CLANG_ENABLE_MODULES = YES;
				CLANG_ENABLE_OBJC_ARC = YES;
				CLANG_WARN_BOOL_CONVERSION = YES;
				CLANG_WARN_CONSTANT_CONVERSION = YES;
				CLANG_WARN_DIRECT_OBJC_ISA_USAGE = YES_ERROR;
				CLANG_WARN_EMPTY_BODY = YES;
				CLANG_WARN_ENUM_CONVERSION = YES;
				CLANG_WARN_INT_CONVERSION = YES;
				CLANG_WARN_OBJC_ROOT_CLASS = YES_ERROR;
				CLANG_WARN__DUPLICATE_METHOD_MATCH = YES;
				"CODE_SIGN_IDENTITY[sdk=iphoneos*]" = "iPhone Developer";
				COPY_PHASE_STRIP = NO;
				GCC_C_LANGUAGE_STANDARD = gnu99;
				GCC_DYNAMIC_NO_PIC = NO;
				GCC_OPTIMIZATION_LEVEL = 0;
				GCC_PREPROCESSOR_DEFINITIONS = (
					"DEBUG=1",
					"$(inherited)",
				);
				GCC_SYMBOLS_PRIVATE_EXTERN = NO;
				GCC_WARN_64_TO_32_BIT_CONVERSION = YES;
				GCC_WARN_ABOUT_RETURN_TYPE = YES_ERROR;
				GCC_WARN_UNDECLARED_SELECTOR = YES;
				GCC_WARN_UNINITIALIZED_AUTOS = YES_AGGRESSIVE;
				GCC_WARN_UNUSED_FUNCTION = YES;
				GCC_WARN_UNUSED_VARIABLE = YES;
				IPHONEOS_DEPLOYMENT_TARGET = 7.1;
				ONLY_ACTIVE_ARCH = YES;
				SDKROOT = iphoneos;
			};
			name = Debug;
		};
		92447DA5191F35B000E7A650 /* Release */ = {
			isa = XCBuildConfiguration;
			buildSettings = {
				ALWAYS_SEARCH_USER_PATHS = NO;
				CLANG_CXX_LANGUAGE_STANDARD = "gnu++0x";
				CLANG_CXX_LIBRARY = "libc++";
				CLANG_ENABLE_MODULES = YES;
				CLANG_ENABLE_OBJC_ARC = YES;
				CLANG_WARN_BOOL_CONVERSION = YES;
				CLANG_WARN_CONSTANT_CONVERSION = YES;
				CLANG_WARN_DIRECT_OBJC_ISA_USAGE = YES_ERROR;
				CLANG_WARN_EMPTY_BODY = YES;
				CLANG_WARN_ENUM_CONVERSION = YES;
				CLANG_WARN_INT_CONVERSION = YES;
				CLANG_WARN_OBJC_ROOT_CLASS = YES_ERROR;
				CLANG_WARN__DUPLICATE_METHOD_MATCH = YES;
				"CODE_SIGN_IDENTITY[sdk=iphoneos*]" = "iPhone Developer";
				COPY_PHASE_STRIP = YES;
				ENABLE_NS_ASSERTIONS = NO;
				GCC_C_LANGUAGE_STANDARD = gnu99;
				GCC_WARN_64_TO_32_BIT_CONVERSION = YES;
				GCC_WARN_ABOUT_RETURN_TYPE = YES_ERROR;
				GCC_WARN_UNDECLARED_SELECTOR = YES;
				GCC_WARN_UNINITIALIZED_AUTOS = YES_AGGRESSIVE;
				GCC_WARN_UNUSED_FUNCTION = YES;
				GCC_WARN_UNUSED_VARIABLE = YES;
				IPHONEOS_DEPLOYMENT_TARGET = 7.1;
				SDKROOT = iphoneos;
				VALIDATE_PRODUCT = YES;
			};
			name = Release;
		};
		92447DA7191F35B000E7A650 /* Debug */ = {
			isa = XCBuildConfiguration;
			buildSettings = {
				ASSETCATALOG_COMPILER_APPICON_NAME = AppIcon;
				ASSETCATALOG_COMPILER_LAUNCHIMAGE_NAME = LaunchImage;
				GCC_PRECOMPILE_PREFIX_HEADER = YES;
				GCC_PREFIX_HEADER = "table1/table1-Prefix.pch";
				INFOPLIST_FILE = "table1/table1-Info.plist";
				PRODUCT_NAME = "$(TARGET_NAME)";
				WRAPPER_EXTENSION = app;
			};
			name = Debug;
		};
		92447DA8191F35B000E7A650 /* Release */ = {
			isa = XCBuildConfiguration;
			buildSettings = {
				ASSETCATALOG_COMPILER_APPICON_NAME = AppIcon;
				ASSETCATALOG_COMPILER_LAUNCHIMAGE_NAME = LaunchImage;
				GCC_PRECOMPILE_PREFIX_HEADER = YES;
				GCC_PREFIX_HEADER = "table1/table1-Prefix.pch";
				INFOPLIST_FILE = "table1/table1-Info.plist";
				PRODUCT_NAME = "$(TARGET_NAME)";
				WRAPPER_EXTENSION = app;
			};
			name = Release;
		};
		92447DAA191F35B000E7A650 /* Debug */ = {
			isa = XCBuildConfiguration;
			buildSettings = {
				BUNDLE_LOADER = "$(BUILT_PRODUCTS_DIR)/table1.app/table1";
				FRAMEWORK_SEARCH_PATHS = (
					"$(SDKROOT)/Developer/Library/Frameworks",
					"$(inherited)",
					"$(DEVELOPER_FRAMEWORKS_DIR)",
				);
				GCC_PRECOMPILE_PREFIX_HEADER = YES;
				GCC_PREFIX_HEADER = "table1/table1-Prefix.pch";
				GCC_PREPROCESSOR_DEFINITIONS = (
					"DEBUG=1",
					"$(inherited)",
				);
				INFOPLIST_FILE = "table1Tests/table1Tests-Info.plist";
				PRODUCT_NAME = "$(TARGET_NAME)";
				TEST_HOST = "$(BUNDLE_LOADER)";
				WRAPPER_EXTENSION = xctest;
			};
			name = Debug;
		};
		92447DAB191F35B000E7A650 /* Release */ = {
			isa = XCBuildConfiguration;
			buildSettings = {
				BUNDLE_LOADER = "$(BUILT_PRODUCTS_DIR)/table1.app/table1";
				FRAMEWORK_SEARCH_PATHS = (
					"$(SDKROOT)/Developer/Library/Frameworks",
					"$(inherited)",
					"$(DEVELOPER_FRAMEWORKS_DIR)",
				);
				GCC_PRECOMPILE_PREFIX_HEADER = YES;
				GCC_PREFIX_HEADER = "table1/table1-Prefix.pch";
				INFOPLIST_FILE = "table1Tests/table1Tests-Info.plist";
				PRODUCT_NAME = "$(TARGET_NAME)";
				TEST_HOST = "$(BUNDLE_LOADER)";
				WRAPPER_EXTENSION = xctest;
			};
			name = Release;
		};
/* End XCBuildConfiguration section */

/* Begin XCConfigurationList section */
		92447D6F191F35B000E7A650 /* Build configuration list for PBXProject "table1" */ = {
			isa = XCConfigurationList;
			buildConfigurations = (
				92447DA4191F35B000E7A650 /* Debug */,
				92447DA5191F35B000E7A650 /* Release */,
			);
			defaultConfigurationIsVisible = 0;
			defaultConfigurationName = Release;
		};
		92447DA6191F35B000E7A650 /* Build configuration list for PBXNativeTarget "table1" */ = {
			isa = XCConfigurationList;
			buildConfigurations = (
				92447DA7191F35B000E7A650 /* Debug */,
				92447DA8191F35B000E7A650 /* Release */,
			);
			defaultConfigurationIsVisible = 0;
		};
		92447DA9191F35B000E7A650 /* Build configuration list for PBXNativeTarget "table1Tests" */ = {
			isa = XCConfigurationList;
			buildConfigurations = (
				92447DAA191F35B000E7A650 /* Debug */,
				92447DAB191F35B000E7A650 /* Release */,
			);
			defaultConfigurationIsVisible = 0;
		};
/* End XCConfigurationList section */
	};
	rootObject = 92447D6C191F35B000E7A650 /* Project object */;
}
