// !$*UTF8*$!
{
	archiveVersion = 1;
	classes = {
	};
	objectVersion = 46;
	objects = {

/* Begin PBXBuildFile section */
		274C994B19361FF90089B32B /* Foundation.framework in Frameworks */ = {isa = PBXBuildFile; fileRef = 274C994A19361FF90089B32B /* Foundation.framework */; };
		274C994D19361FF90089B32B /* CoreGraphics.framework in Frameworks */ = {isa = PBXBuildFile; fileRef = 274C994C19361FF90089B32B /* CoreGraphics.framework */; };
		274C994F19361FF90089B32B /* UIKit.framework in Frameworks */ = {isa = PBXBuildFile; fileRef = 274C994E19361FF90089B32B /* UIKit.framework */; };
		274C995519361FF90089B32B /* InfoPlist.strings in Resources */ = {isa = PBXBuildFile; fileRef = 274C995319361FF90089B32B /* InfoPlist.strings */; };
		274C995719361FF90089B32B /* main.m in Sources */ = {isa = PBXBuildFile; fileRef = 274C995619361FF90089B32B /* main.m */; };
		274C995B19361FF90089B32B /* AppDelegate.m in Sources */ = {isa = PBXBuildFile; fileRef = 274C995A19361FF90089B32B /* AppDelegate.m */; };
		274C995D19361FF90089B32B /* Images.xcassets in Resources */ = {isa = PBXBuildFile; fileRef = 274C995C19361FF90089B32B /* Images.xcassets */; };
		274C996419361FF90089B32B /* XCTest.framework in Frameworks */ = {isa = PBXBuildFile; fileRef = 274C996319361FF90089B32B /* XCTest.framework */; };
		274C996519361FF90089B32B /* Foundation.framework in Frameworks */ = {isa = PBXBuildFile; fileRef = 274C994A19361FF90089B32B /* Foundation.framework */; };
		274C996619361FF90089B32B /* UIKit.framework in Frameworks */ = {isa = PBXBuildFile; fileRef = 274C994E19361FF90089B32B /* UIKit.framework */; };
		274C996E19361FF90089B32B /* InfoPlist.strings in Resources */ = {isa = PBXBuildFile; fileRef = 274C996C19361FF90089B32B /* InfoPlist.strings */; };
		274C997019361FF90089B32B /* setNavTests.m in Sources */ = {isa = PBXBuildFile; fileRef = 274C996F19361FF90089B32B /* setNavTests.m */; };
		274C997E193622590089B32B /* SecondLevelViewController.m in Sources */ = {isa = PBXBuildFile; fileRef = 274C997D193622590089B32B /* SecondLevelViewController.m */; };
		274C998A19362E520089B32B /* button_down.png in Resources */ = {isa = PBXBuildFile; fileRef = 274C998219362E520089B32B /* button_down.png */; };
		274C998B19362E520089B32B /* button_up.png in Resources */ = {isa = PBXBuildFile; fileRef = 274C998319362E520089B32B /* button_up.png */; };
		274C998C19362E520089B32B /* checkmarkControllerIcon.png in Resources */ = {isa = PBXBuildFile; fileRef = 274C998419362E520089B32B /* checkmarkControllerIcon.png */; };
		274C998D19362E520089B32B /* deleteMeIcon.png in Resources */ = {isa = PBXBuildFile; fileRef = 274C998519362E520089B32B /* deleteMeIcon.png */; };
		274C998E19362E520089B32B /* detailEditIcon.png in Resources */ = {isa = PBXBuildFile; fileRef = 274C998619362E520089B32B /* detailEditIcon.png */; };
		274C998F19362E520089B32B /* disclosureButtonControllerIcon.png in Resources */ = {isa = PBXBuildFile; fileRef = 274C998719362E520089B32B /* disclosureButtonControllerIcon.png */; };
		274C999019362E520089B32B /* moveMeIcon.png in Resources */ = {isa = PBXBuildFile; fileRef = 274C998819362E520089B32B /* moveMeIcon.png */; };
		274C999119362E520089B32B /* rowControlsIcon.png in Resources */ = {isa = PBXBuildFile; fileRef = 274C998919362E520089B32B /* rowControlsIcon.png */; };
		274C99971936300F0089B32B /* DisclosureButtonViewController.m in Sources */ = {isa = PBXBuildFile; fileRef = 274C99961936300F0089B32B /* DisclosureButtonViewController.m */; };
		274C999A193630C60089B32B /* DisclosureDetailViewController.m in Sources */ = {isa = PBXBuildFile; fileRef = 274C9999193630C60089B32B /* DisclosureDetailViewController.m */; };
		92F7AF8A19371E3700597171 /* FirstLevelViewController.m in Sources */ = {isa = PBXBuildFile; fileRef = 92F7AF8919371E3700597171 /* FirstLevelViewController.m */; };
/* End PBXBuildFile section */

/* Begin PBXContainerItemProxy section */
		274C996719361FF90089B32B /* PBXContainerItemProxy */ = {
			isa = PBXContainerItemProxy;
			containerPortal = 274C993F19361FF80089B32B /* Project object */;
			proxyType = 1;
			remoteGlobalIDString = 274C994619361FF80089B32B;
			remoteInfo = setNav;
		};
/* End PBXContainerItemProxy section */

/* Begin PBXFileReference section */
		274C994719361FF90089B32B /* setNav.app */ = {isa = PBXFileReference; explicitFileType = wrapper.application; includeInIndex = 0; path = setNav.app; sourceTree = BUILT_PRODUCTS_DIR; };
		274C994A19361FF90089B32B /* Foundation.framework */ = {isa = PBXFileReference; lastKnownFileType = wrapper.framework; name = Foundation.framework; path = System/Library/Frameworks/Foundation.framework; sourceTree = SDKROOT; };
		274C994C19361FF90089B32B /* CoreGraphics.framework */ = {isa = PBXFileReference; lastKnownFileType = wrapper.framework; name = CoreGraphics.framework; path = System/Library/Frameworks/CoreGraphics.framework; sourceTree = SDKROOT; };
		274C994E19361FF90089B32B /* UIKit.framework */ = {isa = PBXFileReference; lastKnownFileType = wrapper.framework; name = UIKit.framework; path = System/Library/Frameworks/UIKit.framework; sourceTree = SDKROOT; };
		274C995219361FF90089B32B /* setNav-Info.plist */ = {isa = PBXFileReference; lastKnownFileType = text.plist.xml; path = "setNav-Info.plist"; sourceTree = "<group>"; };
		274C995419361FF90089B32B /* en */ = {isa = PBXFileReference; lastKnownFileType = text.plist.strings; name = en; path = en.lproj/InfoPlist.strings; sourceTree = "<group>"; };
		274C995619361FF90089B32B /* main.m */ = {isa = PBXFileReference; lastKnownFileType = sourcecode.c.objc; path = main.m; sourceTree = "<group>"; };
		274C995819361FF90089B32B /* setNav-Prefix.pch */ = {isa = PBXFileReference; lastKnownFileType = sourcecode.c.h; path = "setNav-Prefix.pch"; sourceTree = "<group>"; };
		274C995919361FF90089B32B /* AppDelegate.h */ = {isa = PBXFileReference; lastKnownFileType = sourcecode.c.h; path = AppDelegate.h; sourceTree = "<group>"; };
		274C995A19361FF90089B32B /* AppDelegate.m */ = {isa = PBXFileReference; lastKnownFileType = sourcecode.c.objc; path = AppDelegate.m; sourceTree = "<group>"; };
		274C995C19361FF90089B32B /* Images.xcassets */ = {isa = PBXFileReference; lastKnownFileType = folder.assetcatalog; path = Images.xcassets; sourceTree = "<group>"; };
		274C996219361FF90089B32B /* setNavTests.xctest */ = {isa = PBXFileReference; explicitFileType = wrapper.cfbundle; includeInIndex = 0; path = setNavTests.xctest; sourceTree = BUILT_PRODUCTS_DIR; };
		274C996319361FF90089B32B /* XCTest.framework */ = {isa = PBXFileReference; lastKnownFileType = wrapper.framework; name = XCTest.framework; path = Library/Frameworks/XCTest.framework; sourceTree = DEVELOPER_DIR; };
		274C996B19361FF90089B32B /* setNavTests-Info.plist */ = {isa = PBXFileReference; lastKnownFileType = text.plist.xml; path = "setNavTests-Info.plist"; sourceTree = "<group>"; };
		274C996D19361FF90089B32B /* en */ = {isa = PBXFileReference; lastKnownFileType = text.plist.strings; name = en; path = en.lproj/InfoPlist.strings; sourceTree = "<group>"; };
		274C996F19361FF90089B32B /* setNavTests.m */ = {isa = PBXFileReference; lastKnownFileType = sourcecode.c.objc; path = setNavTests.m; sourceTree = "<group>"; };
		274C997C193622590089B32B /* SecondLevelViewController.h */ = {isa = PBXFileReference; fileEncoding = 4; lastKnownFileType = sourcecode.c.h; path = SecondLevelViewController.h; sourceTree = "<group>"; };
		274C997D193622590089B32B /* SecondLevelViewController.m */ = {isa = PBXFileReference; fileEncoding = 4; lastKnownFileType = sourcecode.c.objc; path = SecondLevelViewController.m; sourceTree = "<group>"; };
		274C998219362E520089B32B /* button_down.png */ = {isa = PBXFileReference; lastKnownFileType = image.png; path = button_down.png; sourceTree = "<group>"; };
		274C998319362E520089B32B /* button_up.png */ = {isa = PBXFileReference; lastKnownFileType = image.png; path = button_up.png; sourceTree = "<group>"; };
		274C998419362E520089B32B /* checkmarkControllerIcon.png */ = {isa = PBXFileReference; lastKnownFileType = image.png; path = checkmarkControllerIcon.png; sourceTree = "<group>"; };
		274C998519362E520089B32B /* deleteMeIcon.png */ = {isa = PBXFileReference; lastKnownFileType = image.png; path = deleteMeIcon.png; sourceTree = "<group>"; };
		274C998619362E520089B32B /* detailEditIcon.png */ = {isa = PBXFileReference; lastKnownFileType = image.png; path = detailEditIcon.png; sourceTree = "<group>"; };
		274C998719362E520089B32B /* disclosureButtonControllerIcon.png */ = {isa = PBXFileReference; lastKnownFileType = image.png; path = disclosureButtonControllerIcon.png; sourceTree = "<group>"; };
		274C998819362E520089B32B /* moveMeIcon.png */ = {isa = PBXFileReference; lastKnownFileType = image.png; path = moveMeIcon.png; sourceTree = "<group>"; };
		274C998919362E520089B32B /* rowControlsIcon.png */ = {isa = PBXFileReference; lastKnownFileType = image.png; path = rowControlsIcon.png; sourceTree = "<group>"; };
		274C99951936300F0089B32B /* DisclosureButtonViewController.h */ = {isa = PBXFileReference; fileEncoding = 4; lastKnownFileType = sourcecode.c.h; path = DisclosureButtonViewController.h; sourceTree = "<group>"; };
		274C99961936300F0089B32B /* DisclosureButtonViewController.m */ = {isa = PBXFileReference; fileEncoding = 4; lastKnownFileType = sourcecode.c.objc; path = DisclosureButtonViewController.m; sourceTree = "<group>"; };
		274C9998193630C60089B32B /* DisclosureDetailViewController.h */ = {isa = PBXFileReference; fileEncoding = 4; lastKnownFileType = sourcecode.c.h; path = DisclosureDetailViewController.h; sourceTree = "<group>"; };
		274C9999193630C60089B32B /* DisclosureDetailViewController.m */ = {isa = PBXFileReference; fileEncoding = 4; lastKnownFileType = sourcecode.c.objc; path = DisclosureDetailViewController.m; sourceTree = "<group>"; };
		92F7AF8819371E3700597171 /* FirstLevelViewController.h */ = {isa = PBXFileReference; fileEncoding = 4; lastKnownFileType = sourcecode.c.h; path = FirstLevelViewController.h; sourceTree = "<group>"; };
		92F7AF8919371E3700597171 /* FirstLevelViewController.m */ = {isa = PBXFileReference; fileEncoding = 4; lastKnownFileType = sourcecode.c.objc; path = FirstLevelViewController.m; sourceTree = "<group>"; };
/* End PBXFileReference section */

/* Begin PBXFrameworksBuildPhase section */
		274C994419361FF80089B32B /* Frameworks */ = {
			isa = PBXFrameworksBuildPhase;
			buildActionMask = 2147483647;
			files = (
				274C994D19361FF90089B32B /* CoreGraphics.framework in Frameworks */,
				274C994F19361FF90089B32B /* UIKit.framework in Frameworks */,
				274C994B19361FF90089B32B /* Foundation.framework in Frameworks */,
			);
			runOnlyForDeploymentPostprocessing = 0;
		};
		274C995F19361FF90089B32B /* Frameworks */ = {
			isa = PBXFrameworksBuildPhase;
			buildActionMask = 2147483647;
			files = (
				274C996419361FF90089B32B /* XCTest.framework in Frameworks */,
				274C996619361FF90089B32B /* UIKit.framework in Frameworks */,
				274C996519361FF90089B32B /* Foundation.framework in Frameworks */,
			);
			runOnlyForDeploymentPostprocessing = 0;
		};
/* End PBXFrameworksBuildPhase section */

/* Begin PBXGroup section */
		274C993E19361FF80089B32B = {
			isa = PBXGroup;
			children = (
				274C995019361FF90089B32B /* setNav */,
				274C996919361FF90089B32B /* setNavTests */,
				274C994919361FF90089B32B /* Frameworks */,
				274C994819361FF90089B32B /* Products */,
			);
			sourceTree = "<group>";
		};
		274C994819361FF90089B32B /* Products */ = {
			isa = PBXGroup;
			children = (
				274C994719361FF90089B32B /* setNav.app */,
				274C996219361FF90089B32B /* setNavTests.xctest */,
			);
			name = Products;
			sourceTree = "<group>";
		};
		274C994919361FF90089B32B /* Frameworks */ = {
			isa = PBXGroup;
			children = (
				274C994A19361FF90089B32B /* Foundation.framework */,
				274C994C19361FF90089B32B /* CoreGraphics.framework */,
				274C994E19361FF90089B32B /* UIKit.framework */,
				274C996319361FF90089B32B /* XCTest.framework */,
			);
			name = Frameworks;
			sourceTree = "<group>";
		};
		274C995019361FF90089B32B /* setNav */ = {
			isa = PBXGroup;
			children = (
				274C995919361FF90089B32B /* AppDelegate.h */,
				274C995A19361FF90089B32B /* AppDelegate.m */,
				92F7AF8819371E3700597171 /* FirstLevelViewController.h */,
				92F7AF8919371E3700597171 /* FirstLevelViewController.m */,
				274C997C193622590089B32B /* SecondLevelViewController.h */,
				274C997D193622590089B32B /* SecondLevelViewController.m */,
				274C99951936300F0089B32B /* DisclosureButtonViewController.h */,
				274C99961936300F0089B32B /* DisclosureButtonViewController.m */,
				274C9998193630C60089B32B /* DisclosureDetailViewController.h */,
				274C9999193630C60089B32B /* DisclosureDetailViewController.m */,
				274C995C19361FF90089B32B /* Images.xcassets */,
				274C998119362E520089B32B /* Images */,
				274C995119361FF90089B32B /* Supporting Files */,
			);
			path = setNav;
			sourceTree = "<group>";
		};
		274C995119361FF90089B32B /* Supporting Files */ = {
			isa = PBXGroup;
			children = (
				274C995219361FF90089B32B /* setNav-Info.plist */,
				274C995319361FF90089B32B /* InfoPlist.strings */,
				274C995619361FF90089B32B /* main.m */,
				274C995819361FF90089B32B /* setNav-Prefix.pch */,
			);
			name = "Supporting Files";
			sourceTree = "<group>";
		};
		274C996919361FF90089B32B /* setNavTests */ = {
			isa = PBXGroup;
			children = (
				274C996F19361FF90089B32B /* setNavTests.m */,
				274C996A19361FF90089B32B /* Supporting Files */,
			);
			path = setNavTests;
			sourceTree = "<group>";
		};
		274C996A19361FF90089B32B /* Supporting Files */ = {
			isa = PBXGroup;
			children = (
				274C996B19361FF90089B32B /* setNavTests-Info.plist */,
				274C996C19361FF90089B32B /* InfoPlist.strings */,
			);
			name = "Supporting Files";
			sourceTree = "<group>";
		};
		274C998119362E520089B32B /* Images */ = {
			isa = PBXGroup;
			children = (
				274C998719362E520089B32B /* disclosureButtonControllerIcon.png */,
				274C998219362E520089B32B /* button_down.png */,
				274C998319362E520089B32B /* button_up.png */,
				274C998419362E520089B32B /* checkmarkControllerIcon.png */,
				274C998519362E520089B32B /* deleteMeIcon.png */,
				274C998619362E520089B32B /* detailEditIcon.png */,
				274C998819362E520089B32B /* moveMeIcon.png */,
				274C998919362E520089B32B /* rowControlsIcon.png */,
			);
			path = Images;
			sourceTree = "<group>";
		};
/* End PBXGroup section */

/* Begin PBXNativeTarget section */
		274C994619361FF80089B32B /* setNav */ = {
			isa = PBXNativeTarget;
			buildConfigurationList = 274C997319361FF90089B32B /* Build configuration list for PBXNativeTarget "setNav" */;
			buildPhases = (
				274C994319361FF80089B32B /* Sources */,
				274C994419361FF80089B32B /* Frameworks */,
				274C994519361FF80089B32B /* Resources */,
			);
			buildRules = (
			);
			dependencies = (
			);
			name = setNav;
			productName = setNav;
			productReference = 274C994719361FF90089B32B /* setNav.app */;
			productType = "com.apple.product-type.application";
		};
		274C996119361FF90089B32B /* setNavTests */ = {
			isa = PBXNativeTarget;
			buildConfigurationList = 274C997619361FF90089B32B /* Build configuration list for PBXNativeTarget "setNavTests" */;
			buildPhases = (
				274C995E19361FF90089B32B /* Sources */,
				274C995F19361FF90089B32B /* Frameworks */,
				274C996019361FF90089B32B /* Resources */,
			);
			buildRules = (
			);
			dependencies = (
				274C996819361FF90089B32B /* PBXTargetDependency */,
			);
			name = setNavTests;
			productName = setNavTests;
			productReference = 274C996219361FF90089B32B /* setNavTests.xctest */;
			productType = "com.apple.product-type.bundle.unit-test";
		};
/* End PBXNativeTarget section */

/* Begin PBXProject section */
		274C993F19361FF80089B32B /* Project object */ = {
			isa = PBXProject;
			attributes = {
				LastUpgradeCheck = 0510;
				ORGANIZATIONNAME = "Chris Arquelada";
				TargetAttributes = {
					274C996119361FF90089B32B = {
						TestTargetID = 274C994619361FF80089B32B;
					};
				};
			};
			buildConfigurationList = 274C994219361FF80089B32B /* Build configuration list for PBXProject "setNav" */;
			compatibilityVersion = "Xcode 3.2";
			developmentRegion = English;
			hasScannedForEncodings = 0;
			knownRegions = (
				en,
			);
			mainGroup = 274C993E19361FF80089B32B;
			productRefGroup = 274C994819361FF90089B32B /* Products */;
			projectDirPath = "";
			projectRoot = "";
			targets = (
				274C994619361FF80089B32B /* setNav */,
				274C996119361FF90089B32B /* setNavTests */,
			);
		};
/* End PBXProject section */

/* Begin PBXResourcesBuildPhase section */
		274C994519361FF80089B32B /* Resources */ = {
			isa = PBXResourcesBuildPhase;
			buildActionMask = 2147483647;
			files = (
				274C998B19362E520089B32B /* button_up.png in Resources */,
				274C995519361FF90089B32B /* InfoPlist.strings in Resources */,
				274C998C19362E520089B32B /* checkmarkControllerIcon.png in Resources */,
				274C999119362E520089B32B /* rowControlsIcon.png in Resources */,
				274C998E19362E520089B32B /* detailEditIcon.png in Resources */,
				274C998D19362E520089B32B /* deleteMeIcon.png in Resources */,
				274C999019362E520089B32B /* moveMeIcon.png in Resources */,
				274C995D19361FF90089B32B /* Images.xcassets in Resources */,
				274C998A19362E520089B32B /* button_down.png in Resources */,
				274C998F19362E520089B32B /* disclosureButtonControllerIcon.png in Resources */,
			);
			runOnlyForDeploymentPostprocessing = 0;
		};
		274C996019361FF90089B32B /* Resources */ = {
			isa = PBXResourcesBuildPhase;
			buildActionMask = 2147483647;
			files = (
				274C996E19361FF90089B32B /* InfoPlist.strings in Resources */,
			);
			runOnlyForDeploymentPostprocessing = 0;
		};
/* End PBXResourcesBuildPhase section */

/* Begin PBXSourcesBuildPhase section */
		274C994319361FF80089B32B /* Sources */ = {
			isa = PBXSourcesBuildPhase;
			buildActionMask = 2147483647;
			files = (
				92F7AF8A19371E3700597171 /* FirstLevelViewController.m in Sources */,
				274C999A193630C60089B32B /* DisclosureDetailViewController.m in Sources */,
				274C99971936300F0089B32B /* DisclosureButtonViewController.m in Sources */,
				274C997E193622590089B32B /* SecondLevelViewController.m in Sources */,
				274C995B19361FF90089B32B /* AppDelegate.m in Sources */,
				274C995719361FF90089B32B /* main.m in Sources */,
			);
			runOnlyForDeploymentPostprocessing = 0;
		};
		274C995E19361FF90089B32B /* Sources */ = {
			isa = PBXSourcesBuildPhase;
			buildActionMask = 2147483647;
			files = (
				274C997019361FF90089B32B /* setNavTests.m in Sources */,
			);
			runOnlyForDeploymentPostprocessing = 0;
		};
/* End PBXSourcesBuildPhase section */

/* Begin PBXTargetDependency section */
		274C996819361FF90089B32B /* PBXTargetDependency */ = {
			isa = PBXTargetDependency;
			target = 274C994619361FF80089B32B /* setNav */;
			targetProxy = 274C996719361FF90089B32B /* PBXContainerItemProxy */;
		};
/* End PBXTargetDependency section */

/* Begin PBXVariantGroup section */
		274C995319361FF90089B32B /* InfoPlist.strings */ = {
			isa = PBXVariantGroup;
			children = (
				274C995419361FF90089B32B /* en */,
			);
			name = InfoPlist.strings;
			sourceTree = "<group>";
		};
		274C996C19361FF90089B32B /* InfoPlist.strings */ = {
			isa = PBXVariantGroup;
			children = (
				274C996D19361FF90089B32B /* en */,
			);
			name = InfoPlist.strings;
			sourceTree = "<group>";
		};
/* End PBXVariantGroup section */

/* Begin XCBuildConfiguration section */
		274C997119361FF90089B32B /* Debug */ = {
			isa = XCBuildConfiguration;
			buildSettings = {
				ALWAYS_SEARCH_USER_PATHS = NO;
				CLANG_CXX_LANGUAGE_STANDARD = "gnu++0x";
				CLANG_CXX_LIBRARY = "libc++";
				CLANG_ENABLE_MODULES = YES;
				CLANG_ENABLE_OBJC_ARC = YES;
				CLANG_WARN_BOOL_CONVERSION = YES;
				CLANG_WARN_CONSTANT_CONVERSION = YES;
				CLANG_WARN_DIRECT_OBJC_ISA_USAGE = YES_ERROR;
				CLANG_WARN_EMPTY_BODY = YES;
				CLANG_WARN_ENUM_CONVERSION = YES;
				CLANG_WARN_INT_CONVERSION = YES;
				CLANG_WARN_OBJC_ROOT_CLASS = YES_ERROR;
				CLANG_WARN__DUPLICATE_METHOD_MATCH = YES;
				"CODE_SIGN_IDENTITY[sdk=iphoneos*]" = "iPhone Developer";
				COPY_PHASE_STRIP = NO;
				GCC_C_LANGUAGE_STANDARD = gnu99;
				GCC_DYNAMIC_NO_PIC = NO;
				GCC_OPTIMIZATION_LEVEL = 0;
				GCC_PREPROCESSOR_DEFINITIONS = (
					"DEBUG=1",
					"$(inherited)",
				);
				GCC_SYMBOLS_PRIVATE_EXTERN = NO;
				GCC_WARN_64_TO_32_BIT_CONVERSION = YES;
				GCC_WARN_ABOUT_RETURN_TYPE = YES_ERROR;
				GCC_WARN_UNDECLARED_SELECTOR = YES;
				GCC_WARN_UNINITIALIZED_AUTOS = YES_AGGRESSIVE;
				GCC_WARN_UNUSED_FUNCTION = YES;
				GCC_WARN_UNUSED_VARIABLE = YES;
				IPHONEOS_DEPLOYMENT_TARGET = 7.1;
				ONLY_ACTIVE_ARCH = YES;
				SDKROOT = iphoneos;
			};
			name = Debug;
		};
		274C997219361FF90089B32B /* Release */ = {
			isa = XCBuildConfiguration;
			buildSettings = {
				ALWAYS_SEARCH_USER_PATHS = NO;
				CLANG_CXX_LANGUAGE_STANDARD = "gnu++0x";
				CLANG_CXX_LIBRARY = "libc++";
				CLANG_ENABLE_MODULES = YES;
				CLANG_ENABLE_OBJC_ARC = YES;
				CLANG_WARN_BOOL_CONVERSION = YES;
				CLANG_WARN_CONSTANT_CONVERSION = YES;
				CLANG_WARN_DIRECT_OBJC_ISA_USAGE = YES_ERROR;
				CLANG_WARN_EMPTY_BODY = YES;
				CLANG_WARN_ENUM_CONVERSION = YES;
				CLANG_WARN_INT_CONVERSION = YES;
				CLANG_WARN_OBJC_ROOT_CLASS = YES_ERROR;
				CLANG_WARN__DUPLICATE_METHOD_MATCH = YES;
				"CODE_SIGN_IDENTITY[sdk=iphoneos*]" = "iPhone Developer";
				COPY_PHASE_STRIP = YES;
				ENABLE_NS_ASSERTIONS = NO;
				GCC_C_LANGUAGE_STANDARD = gnu99;
				GCC_WARN_64_TO_32_BIT_CONVERSION = YES;
				GCC_WARN_ABOUT_RETURN_TYPE = YES_ERROR;
				GCC_WARN_UNDECLARED_SELECTOR = YES;
				GCC_WARN_UNINITIALIZED_AUTOS = YES_AGGRESSIVE;
				GCC_WARN_UNUSED_FUNCTION = YES;
				GCC_WARN_UNUSED_VARIABLE = YES;
				IPHONEOS_DEPLOYMENT_TARGET = 7.1;
				SDKROOT = iphoneos;
				VALIDATE_PRODUCT = YES;
			};
			name = Release;
		};
		274C997419361FF90089B32B /* Debug */ = {
			isa = XCBuildConfiguration;
			buildSettings = {
				ASSETCATALOG_COMPILER_APPICON_NAME = AppIcon;
				ASSETCATALOG_COMPILER_LAUNCHIMAGE_NAME = LaunchImage;
				GCC_PRECOMPILE_PREFIX_HEADER = YES;
				GCC_PREFIX_HEADER = "setNav/setNav-Prefix.pch";
				INFOPLIST_FILE = "setNav/setNav-Info.plist";
				IPHONEOS_DEPLOYMENT_TARGET = 7.0;
				PRODUCT_NAME = "$(TARGET_NAME)";
				WRAPPER_EXTENSION = app;
			};
			name = Debug;
		};
		274C997519361FF90089B32B /* Release */ = {
			isa = XCBuildConfiguration;
			buildSettings = {
				ASSETCATALOG_COMPILER_APPICON_NAME = AppIcon;
				ASSETCATALOG_COMPILER_LAUNCHIMAGE_NAME = LaunchImage;
				GCC_PRECOMPILE_PREFIX_HEADER = YES;
				GCC_PREFIX_HEADER = "setNav/setNav-Prefix.pch";
				INFOPLIST_FILE = "setNav/setNav-Info.plist";
				IPHONEOS_DEPLOYMENT_TARGET = 7.0;
				PRODUCT_NAME = "$(TARGET_NAME)";
				WRAPPER_EXTENSION = app;
			};
			name = Release;
		};
		274C997719361FF90089B32B /* Debug */ = {
			isa = XCBuildConfiguration;
			buildSettings = {
				BUNDLE_LOADER = "$(BUILT_PRODUCTS_DIR)/setNav.app/setNav";
				FRAMEWORK_SEARCH_PATHS = (
					"$(SDKROOT)/Developer/Library/Frameworks",
					"$(inherited)",
					"$(DEVELOPER_FRAMEWORKS_DIR)",
				);
				GCC_PRECOMPILE_PREFIX_HEADER = YES;
				GCC_PREFIX_HEADER = "setNav/setNav-Prefix.pch";
				GCC_PREPROCESSOR_DEFINITIONS = (
					"DEBUG=1",
					"$(inherited)",
				);
				INFOPLIST_FILE = "setNavTests/setNavTests-Info.plist";
				PRODUCT_NAME = "$(TARGET_NAME)";
				TEST_HOST = "$(BUNDLE_LOADER)";
				WRAPPER_EXTENSION = xctest;
			};
			name = Debug;
		};
		274C997819361FF90089B32B /* Release */ = {
			isa = XCBuildConfiguration;
			buildSettings = {
				BUNDLE_LOADER = "$(BUILT_PRODUCTS_DIR)/setNav.app/setNav";
				FRAMEWORK_SEARCH_PATHS = (
					"$(SDKROOT)/Developer/Library/Frameworks",
					"$(inherited)",
					"$(DEVELOPER_FRAMEWORKS_DIR)",
				);
				GCC_PRECOMPILE_PREFIX_HEADER = YES;
				GCC_PREFIX_HEADER = "setNav/setNav-Prefix.pch";
				INFOPLIST_FILE = "setNavTests/setNavTests-Info.plist";
				PRODUCT_NAME = "$(TARGET_NAME)";
				TEST_HOST = "$(BUNDLE_LOADER)";
				WRAPPER_EXTENSION = xctest;
			};
			name = Release;
		};
/* End XCBuildConfiguration section */

/* Begin XCConfigurationList section */
		274C994219361FF80089B32B /* Build configuration list for PBXProject "setNav" */ = {
			isa = XCConfigurationList;
			buildConfigurations = (
				274C997119361FF90089B32B /* Debug */,
				274C997219361FF90089B32B /* Release */,
			);
			defaultConfigurationIsVisible = 0;
			defaultConfigurationName = Release;
		};
		274C997319361FF90089B32B /* Build configuration list for PBXNativeTarget "setNav" */ = {
			isa = XCConfigurationList;
			buildConfigurations = (
				274C997419361FF90089B32B /* Debug */,
				274C997519361FF90089B32B /* Release */,
			);
			defaultConfigurationIsVisible = 0;
			defaultConfigurationName = Release;
		};
		274C997619361FF90089B32B /* Build configuration list for PBXNativeTarget "setNavTests" */ = {
			isa = XCConfigurationList;
			buildConfigurations = (
				274C997719361FF90089B32B /* Debug */,
				274C997819361FF90089B32B /* Release */,
			);
			defaultConfigurationIsVisible = 0;
			defaultConfigurationName = Release;
		};
/* End XCConfigurationList section */
	};
	rootObject = 274C993F19361FF80089B32B /* Project object */;
}
